
Microsoft Visual Studio Solution File, Format Version 12.00
# Visual Studio Version 17
VisualStudioVersion = 17.14.36511.14
MinimumVisualStudioVersion = 10.0.40219.1
Project("{FAE04EC0-301F-11D3-BF4B-00C04F79EFBC}") = "Matrix.Population.Domain", "src\services\population\Matrix.Population.Domain\Matrix.Population.Domain.csproj", "{E9E71812-C75C-492E-859E-4E0E111451AF}"
EndProject
Project("{FAE04EC0-301F-11D3-BF4B-00C04F79EFBC}") = "Matrix.Population.Application", "src\services\population\Matrix.Population.Application\Matrix.Population.Application.csproj", "{2C1D9736-AADD-4BE8-9C69-EA3D9DE3CFF6}"
EndProject
Project("{FAE04EC0-301F-11D3-BF4B-00C04F79EFBC}") = "Matrix.Population.Infrastructure", "src\services\population\Matrix.Population.Infrastructure\Matrix.Population.Infrastructure.csproj", "{5E3D4188-FCE1-4105-852D-214CB0F5FC3B}"
EndProject
Project("{FAE04EC0-301F-11D3-BF4B-00C04F79EFBC}") = "Matrix.Population.Api", "src\services\population\Matrix.Population.Api\Matrix.Population.Api.csproj", "{8EC7FB03-C495-46F1-ABC3-5F583F8A8798}"
EndProject
Project("{FAE04EC0-301F-11D3-BF4B-00C04F79EFBC}") = "Matrix.ApiGateway", "src\gateways\Matrix.ApiGateway\Matrix.ApiGateway.csproj", "{0B910E5B-9701-4D85-8EBA-799F2A2FD00E}"
EndProject
Project("{FAE04EC0-301F-11D3-BF4B-00C04F79EFBC}") = "Matrix.BuildingBlocks.Domain", "src\building-blocks\Matrix.BuildingBlocks.Domain\Matrix.BuildingBlocks.Domain.csproj", "{637EE457-655B-B0DA-7023-9810E42F0A19}"
EndProject
Project("{FAE04EC0-301F-11D3-BF4B-00C04F79EFBC}") = "Matrix.BuildingBlocks.Application", "src\building-blocks\Matrix.BuildingBlocks.Application\Matrix.BuildingBlocks.Application.csproj", "{76EF42EC-983E-0A0F-C38D-C6ABA22595B8}"
EndProject
Project("{FAE04EC0-301F-11D3-BF4B-00C04F79EFBC}") = "Matrix.Population.Contracts", "src\services\population\Matrix.Population.Contracts\Matrix.Population.Contracts.csproj", "{9FBEE798-C99F-44A6-8E92-5D976252DF65}"
EndProject
Project("{FAE04EC0-301F-11D3-BF4B-00C04F79EFBC}") = "Matrix.BuildingBlocks.Infrastructure", "src\building-blocks\Matrix.BuildingBlocks.Infrastructure\Matrix.BuildingBlocks.Infrastructure.csproj", "{4B44ABF6-6BD0-44AB-814E-253DDD955165}"
EndProject
Project("{FAE04EC0-301F-11D3-BF4B-00C04F79EFBC}") = "Matrix.Identity.Domain", "src\services\identity\Matrix.Identity.Domain\Matrix.Identity.Domain.csproj", "{4F3525AD-4B57-40E4-81CB-2B583794C1C4}"
EndProject
Project("{FAE04EC0-301F-11D3-BF4B-00C04F79EFBC}") = "Matrix.Identity.Application", "src\services\identity\Matrix.Identity.Application\Matrix.Identity.Application.csproj", "{C88DF7ED-0FE3-49C4-B283-41D56B1923DE}"
EndProject
Project("{FAE04EC0-301F-11D3-BF4B-00C04F79EFBC}") = "Matrix.Identity.Infrastructure", "src\services\identity\Matrix.Identity.Infrastructure\Matrix.Identity.Infrastructure.csproj", "{21B674E4-974D-4A95-AC17-98FD54FC6472}"
EndProject
Project("{FAE04EC0-301F-11D3-BF4B-00C04F79EFBC}") = "Matrix.Identity.Api", "src\services\identity\Matrix.Identity.Api\Matrix.Identity.Api.csproj", "{28B1F3E0-8432-103A-2621-62D70ED96AFF}"
EndProject
Project("{FAE04EC0-301F-11D3-BF4B-00C04F79EFBC}") = "Matrix.BuildingBlocks.Api", "src\building-blocks\Matrix.BuildingBlocks.Api\Matrix.BuildingBlocks.Api.csproj", "{736BD4E0-E592-4E24-8923-C1DA1D12CC31}"
EndProject
Global
	GlobalSection(SolutionConfigurationPlatforms) = preSolution
		Debug|Any CPU = Debug|Any CPU
		Release|Any CPU = Release|Any CPU
	EndGlobalSection
	GlobalSection(ProjectConfigurationPlatforms) = postSolution
		{E9E71812-C75C-492E-859E-4E0E111451AF}.Debug|Any CPU.ActiveCfg = Debug|Any CPU
		{E9E71812-C75C-492E-859E-4E0E111451AF}.Debug|Any CPU.Build.0 = Debug|Any CPU
		{E9E71812-C75C-492E-859E-4E0E111451AF}.Release|Any CPU.ActiveCfg = Release|Any CPU
		{E9E71812-C75C-492E-859E-4E0E111451AF}.Release|Any CPU.Build.0 = Release|Any CPU
		{2C1D9736-AADD-4BE8-9C69-EA3D9DE3CFF6}.Debug|Any CPU.ActiveCfg = Debug|Any CPU
		{2C1D9736-AADD-4BE8-9C69-EA3D9DE3CFF6}.Debug|Any CPU.Build.0 = Debug|Any CPU
		{2C1D9736-AADD-4BE8-9C69-EA3D9DE3CFF6}.Release|Any CPU.ActiveCfg = Release|Any CPU
		{2C1D9736-AADD-4BE8-9C69-EA3D9DE3CFF6}.Release|Any CPU.Build.0 = Release|Any CPU
		{5E3D4188-FCE1-4105-852D-214CB0F5FC3B}.Debug|Any CPU.ActiveCfg = Debug|Any CPU
		{5E3D4188-FCE1-4105-852D-214CB0F5FC3B}.Debug|Any CPU.Build.0 = Debug|Any CPU
		{5E3D4188-FCE1-4105-852D-214CB0F5FC3B}.Release|Any CPU.ActiveCfg = Release|Any CPU
		{5E3D4188-FCE1-4105-852D-214CB0F5FC3B}.Release|Any CPU.Build.0 = Release|Any CPU
		{8EC7FB03-C495-46F1-ABC3-5F583F8A8798}.Debug|Any CPU.ActiveCfg = Debug|Any CPU
		{8EC7FB03-C495-46F1-ABC3-5F583F8A8798}.Debug|Any CPU.Build.0 = Debug|Any CPU
		{8EC7FB03-C495-46F1-ABC3-5F583F8A8798}.Release|Any CPU.ActiveCfg = Release|Any CPU
		{8EC7FB03-C495-46F1-ABC3-5F583F8A8798}.Release|Any CPU.Build.0 = Release|Any CPU
		{0B910E5B-9701-4D85-8EBA-799F2A2FD00E}.Debug|Any CPU.ActiveCfg = Debug|Any CPU
		{0B910E5B-9701-4D85-8EBA-799F2A2FD00E}.Debug|Any CPU.Build.0 = Debug|Any CPU
		{0B910E5B-9701-4D85-8EBA-799F2A2FD00E}.Release|Any CPU.ActiveCfg = Release|Any CPU
		{0B910E5B-9701-4D85-8EBA-799F2A2FD00E}.Release|Any CPU.Build.0 = Release|Any CPU
		{637EE457-655B-B0DA-7023-9810E42F0A19}.Debug|Any CPU.ActiveCfg = Debug|Any CPU
		{637EE457-655B-B0DA-7023-9810E42F0A19}.Debug|Any CPU.Build.0 = Debug|Any CPU
		{637EE457-655B-B0DA-7023-9810E42F0A19}.Release|Any CPU.ActiveCfg = Release|Any CPU
		{637EE457-655B-B0DA-7023-9810E42F0A19}.Release|Any CPU.Build.0 = Release|Any CPU
		{76EF42EC-983E-0A0F-C38D-C6ABA22595B8}.Debug|Any CPU.ActiveCfg = Debug|Any CPU
		{76EF42EC-983E-0A0F-C38D-C6ABA22595B8}.Debug|Any CPU.Build.0 = Debug|Any CPU
		{76EF42EC-983E-0A0F-C38D-C6ABA22595B8}.Release|Any CPU.ActiveCfg = Release|Any CPU
		{76EF42EC-983E-0A0F-C38D-C6ABA22595B8}.Release|Any CPU.Build.0 = Release|Any CPU
		{9FBEE798-C99F-44A6-8E92-5D976252DF65}.Debug|Any CPU.ActiveCfg = Debug|Any CPU
		{9FBEE798-C99F-44A6-8E92-5D976252DF65}.Debug|Any CPU.Build.0 = Debug|Any CPU
		{9FBEE798-C99F-44A6-8E92-5D976252DF65}.Release|Any CPU.ActiveCfg = Release|Any CPU
		{9FBEE798-C99F-44A6-8E92-5D976252DF65}.Release|Any CPU.Build.0 = Release|Any CPU
		{4B44ABF6-6BD0-44AB-814E-253DDD955165}.Debug|Any CPU.ActiveCfg = Debug|Any CPU
		{4B44ABF6-6BD0-44AB-814E-253DDD955165}.Debug|Any CPU.Build.0 = Debug|Any CPU
		{4B44ABF6-6BD0-44AB-814E-253DDD955165}.Release|Any CPU.ActiveCfg = Release|Any CPU
		{4B44ABF6-6BD0-44AB-814E-253DDD955165}.Release|Any CPU.Build.0 = Release|Any CPU
		{4F3525AD-4B57-40E4-81CB-2B583794C1C4}.Debug|Any CPU.ActiveCfg = Debug|Any CPU
		{4F3525AD-4B57-40E4-81CB-2B583794C1C4}.Debug|Any CPU.Build.0 = Debug|Any CPU
		{4F3525AD-4B57-40E4-81CB-2B583794C1C4}.Release|Any CPU.ActiveCfg = Release|Any CPU
		{4F3525AD-4B57-40E4-81CB-2B583794C1C4}.Release|Any CPU.Build.0 = Release|Any CPU
		{C88DF7ED-0FE3-49C4-B283-41D56B1923DE}.Debug|Any CPU.ActiveCfg = Debug|Any CPU
		{C88DF7ED-0FE3-49C4-B283-41D56B1923DE}.Debug|Any CPU.Build.0 = Debug|Any CPU
		{C88DF7ED-0FE3-49C4-B283-41D56B1923DE}.Release|Any CPU.ActiveCfg = Release|Any CPU
		{C88DF7ED-0FE3-49C4-B283-41D56B1923DE}.Release|Any CPU.Build.0 = Release|Any CPU
		{21B674E4-974D-4A95-AC17-98FD54FC6472}.Debug|Any CPU.ActiveCfg = Debug|Any CPU
		{21B674E4-974D-4A95-AC17-98FD54FC6472}.Debug|Any CPU.Build.0 = Debug|Any CPU
		{21B674E4-974D-4A95-AC17-98FD54FC6472}.Release|Any CPU.ActiveCfg = Release|Any CPU
		{21B674E4-974D-4A95-AC17-98FD54FC6472}.Release|Any CPU.Build.0 = Release|Any CPU
		{28B1F3E0-8432-103A-2621-62D70ED96AFF}.Debug|Any CPU.ActiveCfg = Debug|Any CPU
		{28B1F3E0-8432-103A-2621-62D70ED96AFF}.Debug|Any CPU.Build.0 = Debug|Any CPU
		{28B1F3E0-8432-103A-2621-62D70ED96AFF}.Release|Any CPU.ActiveCfg = Release|Any CPU
		{28B1F3E0-8432-103A-2621-62D70ED96AFF}.Release|Any CPU.Build.0 = Release|Any CPU
		{736BD4E0-E592-4E24-8923-C1DA1D12CC31}.Debug|Any CPU.ActiveCfg = Debug|Any CPU
		{736BD4E0-E592-4E24-8923-C1DA1D12CC31}.Debug|Any CPU.Build.0 = Debug|Any CPU
		{736BD4E0-E592-4E24-8923-C1DA1D12CC31}.Release|Any CPU.ActiveCfg = Release|Any CPU
		{736BD4E0-E592-4E24-8923-C1DA1D12CC31}.Release|Any CPU.Build.0 = Release|Any CPU
	EndGlobalSection
	GlobalSection(SolutionProperties) = preSolution
		HideSolutionNode = FALSE
	EndGlobalSection
	GlobalSection(ExtensibilityGlobals) = postSolution
		SolutionGuid = {ADBA93C1-0295-4781-B60C-C1A0FBC03209}
	EndGlobalSection
EndGlobal
