
Microsoft Visual Studio Solution File, Format Version 12.00
# Visual Studio Version 17
VisualStudioVersion = 17.14.36511.14
MinimumVisualStudioVersion = 10.0.40219.1
Project("{FAE04EC0-301F-11D3-BF4B-00C04F79EFBC}") = "Matrix.Population.Domain", "src\services\population\Matrix.Population.Domain\Matrix.Population.Domain.csproj", "{E9E71812-C75C-492E-859E-4E0E111451AF}"
EndProject
Project("{FAE04EC0-301F-11D3-BF4B-00C04F79EFBC}") = "Matrix.Population.Application", "src\services\population\Matrix.Population.Application\Matrix.Population.Application.csproj", "{2C1D9736-AADD-4BE8-9C69-EA3D9DE3CFF6}"
EndProject
Project("{FAE04EC0-301F-11D3-BF4B-00C04F79EFBC}") = "Matrix.Population.Infrastructure", "src\services\population\Matrix.Population.Infrastructure\Matrix.Population.Infrastructure.csproj", "{5E3D4188-FCE1-4105-852D-214CB0F5FC3B}"
EndProject
Project("{FAE04EC0-301F-11D3-BF4B-00C04F79EFBC}") = "Matrix.Population.Api", "src\services\population\Matrix.Population.Api\Matrix.Population.Api.csproj", "{8EC7FB03-C495-46F1-ABC3-5F583F8A8798}"
EndProject
Project("{FAE04EC0-301F-11D3-BF4B-00C04F79EFBC}") = "Matrix.Economy.Domain", "src\services\economy\Matrix.Economy.Domain\Matrix.Economy.Domain.csproj", "{699388CF-7C5B-4E03-A7C7-061144087E97}"
EndProject
Project("{FAE04EC0-301F-11D3-BF4B-00C04F79EFBC}") = "Matrix.Economy.Application", "src\services\economy\Matrix.Economy.Application\Matrix.Economy.Application.csproj", "{80C1128D-DB63-446A-AABE-BE587CFC18B2}"
EndProject
Project("{FAE04EC0-301F-11D3-BF4B-00C04F79EFBC}") = "Matrix.Economy.Infrastructure", "src\services\economy\Matrix.Economy.Infrastructure\Matrix.Economy.Infrastructure.csproj", "{0F86C62B-EE6B-446D-978E-0A50D4C4B243}"
EndProject
Project("{FAE04EC0-301F-11D3-BF4B-00C04F79EFBC}") = "Matrix.Economy.Api", "src\services\economy\Matrix.Economy.Api\Matrix.Economy.Api.csproj", "{979EE1B5-FC0E-4283-A524-A6756DF755F2}"
EndProject
Project("{FAE04EC0-301F-11D3-BF4B-00C04F79EFBC}") = "Matrix.CityCore.Domain", "src\services\citycore\Matrix.CityCore.Domain\Matrix.CityCore.Domain.csproj", "{FEBCEAB0-D998-4C48-AB25-6AEB7B3ACB35}"
EndProject
Project("{FAE04EC0-301F-11D3-BF4B-00C04F79EFBC}") = "Matrix.CityCore.Application", "src\services\citycore\Matrix.CityCore.Application\Matrix.CityCore.Application.csproj", "{893D63FB-1682-46FB-B4E6-16EE3D23A5D1}"
EndProject
Project("{FAE04EC0-301F-11D3-BF4B-00C04F79EFBC}") = "Matrix.CityCore.Infrastructure", "src\services\citycore\Matrix.CityCore.Infrastructure\Matrix.CityCore.Infrastructure.csproj", "{B2D59913-E03D-4893-A4FE-BC8133534133}"
EndProject
Project("{FAE04EC0-301F-11D3-BF4B-00C04F79EFBC}") = "Matrix.CityCore.Api", "src\services\citycore\Matrix.CityCore.Api\Matrix.CityCore.Api.csproj", "{FF95C1E2-FA74-415E-8E47-795365F01C3D}"
EndProject
Project("{FAE04EC0-301F-11D3-BF4B-00C04F79EFBC}") = "Matrix.ApiGateway", "src\gateways\Matrix.ApiGateway\Matrix.ApiGateway.csproj", "{0B910E5B-9701-4D85-8EBA-799F2A2FD00E}"
EndProject
Project("{FAE04EC0-301F-11D3-BF4B-00C04F79EFBC}") = "Matrix.BuildingBlocks.Domain", "src\building-blocks\Matrix.BuildingBlocks.Domain\Matrix.BuildingBlocks.Domain.csproj", "{637EE457-655B-B0DA-7023-9810E42F0A19}"
EndProject
Project("{FAE04EC0-301F-11D3-BF4B-00C04F79EFBC}") = "Matrix.BuildingBlocks.Application", "src\building-blocks\Matrix.BuildingBlocks.Application\Matrix.BuildingBlocks.Application.csproj", "{76EF42EC-983E-0A0F-C38D-C6ABA22595B8}"
EndProject
Project("{FAE04EC0-301F-11D3-BF4B-00C04F79EFBC}") = "Matrix.Population.Contracts", "src\services\population\Matrix.Population.Contracts\Matrix.Population.Contracts.csproj", "{9FBEE798-C99F-44A6-8E92-5D976252DF65}"
EndProject
Project("{FAE04EC0-301F-11D3-BF4B-00C04F79EFBC}") = "Matrix.BuildingBlocks.Infrastructure", "src\building-blocks\Matrix.BuildingBlocks.Infrastructure\Matrix.BuildingBlocks.Infrastructure.csproj", "{4B44ABF6-6BD0-44AB-814E-253DDD955165}"
EndProject
Global
	GlobalSection(SolutionConfigurationPlatforms) = preSolution
		Debug|Any CPU = Debug|Any CPU
		Release|Any CPU = Release|Any CPU
	EndGlobalSection
	GlobalSection(ProjectConfigurationPlatforms) = postSolution
		{E9E71812-C75C-492E-859E-4E0E111451AF}.Debug|Any CPU.ActiveCfg = Debug|Any CPU
		{E9E71812-C75C-492E-859E-4E0E111451AF}.Debug|Any CPU.Build.0 = Debug|Any CPU
		{E9E71812-C75C-492E-859E-4E0E111451AF}.Release|Any CPU.ActiveCfg = Release|Any CPU
		{E9E71812-C75C-492E-859E-4E0E111451AF}.Release|Any CPU.Build.0 = Release|Any CPU
		{2C1D9736-AADD-4BE8-9C69-EA3D9DE3CFF6}.Debug|Any CPU.ActiveCfg = Debug|Any CPU
		{2C1D9736-AADD-4BE8-9C69-EA3D9DE3CFF6}.Debug|Any CPU.Build.0 = Debug|Any CPU
		{2C1D9736-AADD-4BE8-9C69-EA3D9DE3CFF6}.Release|Any CPU.ActiveCfg = Release|Any CPU
		{2C1D9736-AADD-4BE8-9C69-EA3D9DE3CFF6}.Release|Any CPU.Build.0 = Release|Any CPU
		{5E3D4188-FCE1-4105-852D-214CB0F5FC3B}.Debug|Any CPU.ActiveCfg = Debug|Any CPU
		{5E3D4188-FCE1-4105-852D-214CB0F5FC3B}.Debug|Any CPU.Build.0 = Debug|Any CPU
		{5E3D4188-FCE1-4105-852D-214CB0F5FC3B}.Release|Any CPU.ActiveCfg = Release|Any CPU
		{5E3D4188-FCE1-4105-852D-214CB0F5FC3B}.Release|Any CPU.Build.0 = Release|Any CPU
		{8EC7FB03-C495-46F1-ABC3-5F583F8A8798}.Debug|Any CPU.ActiveCfg = Debug|Any CPU
		{8EC7FB03-C495-46F1-ABC3-5F583F8A8798}.Debug|Any CPU.Build.0 = Debug|Any CPU
		{8EC7FB03-C495-46F1-ABC3-5F583F8A8798}.Release|Any CPU.ActiveCfg = Release|Any CPU
		{8EC7FB03-C495-46F1-ABC3-5F583F8A8798}.Release|Any CPU.Build.0 = Release|Any CPU
		{699388CF-7C5B-4E03-A7C7-061144087E97}.Debug|Any CPU.ActiveCfg = Debug|Any CPU
		{699388CF-7C5B-4E03-A7C7-061144087E97}.Debug|Any CPU.Build.0 = Debug|Any CPU
		{699388CF-7C5B-4E03-A7C7-061144087E97}.Release|Any CPU.ActiveCfg = Release|Any CPU
		{699388CF-7C5B-4E03-A7C7-061144087E97}.Release|Any CPU.Build.0 = Release|Any CPU
		{80C1128D-DB63-446A-AABE-BE587CFC18B2}.Debug|Any CPU.ActiveCfg = Debug|Any CPU
		{80C1128D-DB63-446A-AABE-BE587CFC18B2}.Debug|Any CPU.Build.0 = Debug|Any CPU
		{80C1128D-DB63-446A-AABE-BE587CFC18B2}.Release|Any CPU.ActiveCfg = Release|Any CPU
		{80C1128D-DB63-446A-AABE-BE587CFC18B2}.Release|Any CPU.Build.0 = Release|Any CPU
		{0F86C62B-EE6B-446D-978E-0A50D4C4B243}.Debug|Any CPU.ActiveCfg = Debug|Any CPU
		{0F86C62B-EE6B-446D-978E-0A50D4C4B243}.Debug|Any CPU.Build.0 = Debug|Any CPU
		{0F86C62B-EE6B-446D-978E-0A50D4C4B243}.Release|Any CPU.ActiveCfg = Release|Any CPU
		{0F86C62B-EE6B-446D-978E-0A50D4C4B243}.Release|Any CPU.Build.0 = Release|Any CPU
		{979EE1B5-FC0E-4283-A524-A6756DF755F2}.Debug|Any CPU.ActiveCfg = Debug|Any CPU
		{979EE1B5-FC0E-4283-A524-A6756DF755F2}.Debug|Any CPU.Build.0 = Debug|Any CPU
		{979EE1B5-FC0E-4283-A524-A6756DF755F2}.Release|Any CPU.ActiveCfg = Release|Any CPU
		{979EE1B5-FC0E-4283-A524-A6756DF755F2}.Release|Any CPU.Build.0 = Release|Any CPU
		{FEBCEAB0-D998-4C48-AB25-6AEB7B3ACB35}.Debug|Any CPU.ActiveCfg = Debug|Any CPU
		{FEBCEAB0-D998-4C48-AB25-6AEB7B3ACB35}.Debug|Any CPU.Build.0 = Debug|Any CPU
		{FEBCEAB0-D998-4C48-AB25-6AEB7B3ACB35}.Release|Any CPU.ActiveCfg = Release|Any CPU
		{FEBCEAB0-D998-4C48-AB25-6AEB7B3ACB35}.Release|Any CPU.Build.0 = Release|Any CPU
		{893D63FB-1682-46FB-B4E6-16EE3D23A5D1}.Debug|Any CPU.ActiveCfg = Debug|Any CPU
		{893D63FB-1682-46FB-B4E6-16EE3D23A5D1}.Debug|Any CPU.Build.0 = Debug|Any CPU
		{893D63FB-1682-46FB-B4E6-16EE3D23A5D1}.Release|Any CPU.ActiveCfg = Release|Any CPU
		{893D63FB-1682-46FB-B4E6-16EE3D23A5D1}.Release|Any CPU.Build.0 = Release|Any CPU
		{B2D59913-E03D-4893-A4FE-BC8133534133}.Debug|Any CPU.ActiveCfg = Debug|Any CPU
		{B2D59913-E03D-4893-A4FE-BC8133534133}.Debug|Any CPU.Build.0 = Debug|Any CPU
		{B2D59913-E03D-4893-A4FE-BC8133534133}.Release|Any CPU.ActiveCfg = Release|Any CPU
		{B2D59913-E03D-4893-A4FE-BC8133534133}.Release|Any CPU.Build.0 = Release|Any CPU
		{FF95C1E2-FA74-415E-8E47-795365F01C3D}.Debug|Any CPU.ActiveCfg = Debug|Any CPU
		{FF95C1E2-FA74-415E-8E47-795365F01C3D}.Debug|Any CPU.Build.0 = Debug|Any CPU
		{FF95C1E2-FA74-415E-8E47-795365F01C3D}.Release|Any CPU.ActiveCfg = Release|Any CPU
		{FF95C1E2-FA74-415E-8E47-795365F01C3D}.Release|Any CPU.Build.0 = Release|Any CPU
		{0B910E5B-9701-4D85-8EBA-799F2A2FD00E}.Debug|Any CPU.ActiveCfg = Debug|Any CPU
		{0B910E5B-9701-4D85-8EBA-799F2A2FD00E}.Debug|Any CPU.Build.0 = Debug|Any CPU
		{0B910E5B-9701-4D85-8EBA-799F2A2FD00E}.Release|Any CPU.ActiveCfg = Release|Any CPU
		{0B910E5B-9701-4D85-8EBA-799F2A2FD00E}.Release|Any CPU.Build.0 = Release|Any CPU
		{637EE457-655B-B0DA-7023-9810E42F0A19}.Debug|Any CPU.ActiveCfg = Debug|Any CPU
		{637EE457-655B-B0DA-7023-9810E42F0A19}.Debug|Any CPU.Build.0 = Debug|Any CPU
		{637EE457-655B-B0DA-7023-9810E42F0A19}.Release|Any CPU.ActiveCfg = Release|Any CPU
		{637EE457-655B-B0DA-7023-9810E42F0A19}.Release|Any CPU.Build.0 = Release|Any CPU
		{76EF42EC-983E-0A0F-C38D-C6ABA22595B8}.Debug|Any CPU.ActiveCfg = Debug|Any CPU
		{76EF42EC-983E-0A0F-C38D-C6ABA22595B8}.Debug|Any CPU.Build.0 = Debug|Any CPU
		{76EF42EC-983E-0A0F-C38D-C6ABA22595B8}.Release|Any CPU.ActiveCfg = Release|Any CPU
		{76EF42EC-983E-0A0F-C38D-C6ABA22595B8}.Release|Any CPU.Build.0 = Release|Any CPU
		{9FBEE798-C99F-44A6-8E92-5D976252DF65}.Debug|Any CPU.ActiveCfg = Debug|Any CPU
		{9FBEE798-C99F-44A6-8E92-5D976252DF65}.Debug|Any CPU.Build.0 = Debug|Any CPU
		{9FBEE798-C99F-44A6-8E92-5D976252DF65}.Release|Any CPU.ActiveCfg = Release|Any CPU
		{9FBEE798-C99F-44A6-8E92-5D976252DF65}.Release|Any CPU.Build.0 = Release|Any CPU
		{4B44ABF6-6BD0-44AB-814E-253DDD955165}.Debug|Any CPU.ActiveCfg = Debug|Any CPU
		{4B44ABF6-6BD0-44AB-814E-253DDD955165}.Debug|Any CPU.Build.0 = Debug|Any CPU
		{4B44ABF6-6BD0-44AB-814E-253DDD955165}.Release|Any CPU.ActiveCfg = Release|Any CPU
		{4B44ABF6-6BD0-44AB-814E-253DDD955165}.Release|Any CPU.Build.0 = Release|Any CPU
	EndGlobalSection
	GlobalSection(SolutionProperties) = preSolution
		HideSolutionNode = FALSE
	EndGlobalSection
	GlobalSection(ExtensibilityGlobals) = postSolution
		SolutionGuid = {ADBA93C1-0295-4781-B60C-C1A0FBC03209}
	EndGlobalSection
EndGlobal
