
Microsoft Visual Studio Solution File, Format Version 12.00
# Visual Studio Version 17
VisualStudioVersion = 17.14.36511.14
MinimumVisualStudioVersion = 10.0.40219.1
Project("{FAE04EC0-301F-11D3-BF4B-00C04F79EFBC}") = "Matrix.Population.Domain", "src\services\population\Matrix.Population.Domain\Matrix.Population.Domain.csproj", "{E9E71812-C75C-492E-859E-4E0E111451AF}"
EndProject
Project("{FAE04EC0-301F-11D3-BF4B-00C04F79EFBC}") = "Matrix.Population.Application", "src\services\population\Matrix.Population.Application\Matrix.Population.Application.csproj", "{2C1D9736-AADD-4BE8-9C69-EA3D9DE3CFF6}"
EndProject
Project("{FAE04EC0-301F-11D3-BF4B-00C04F79EFBC}") = "Matrix.Population.Infrastructure", "src\services\population\Matrix.Population.Infrastructure\Matrix.Population.Infrastructure.csproj", "{5E3D4188-FCE1-4105-852D-214CB0F5FC3B}"
EndProject
Project("{FAE04EC0-301F-11D3-BF4B-00C04F79EFBC}") = "Matrix.Population.Api", "src\services\population\Matrix.Population.Api\Matrix.Population.Api.csproj", "{8EC7FB03-C495-46F1-ABC3-5F583F8A8798}"
EndProject
Project("{FAE04EC0-301F-11D3-BF4B-00C04F79EFBC}") = "Matrix.ApiGateway", "src\gateways\Matrix.ApiGateway\Matrix.ApiGateway.csproj", "{0B910E5B-9701-4D85-8EBA-799F2A2FD00E}"
EndProject
Project("{FAE04EC0-301F-11D3-BF4B-00C04F79EFBC}") = "Matrix.BuildingBlocks.Domain", "src\building-blocks\Matrix.BuildingBlocks.Domain\Matrix.BuildingBlocks.Domain.csproj", "{637EE457-655B-B0DA-7023-9810E42F0A19}"
EndProject
Project("{FAE04EC0-301F-11D3-BF4B-00C04F79EFBC}") = "Matrix.BuildingBlocks.Application", "src\building-blocks\Matrix.BuildingBlocks.Application\Matrix.BuildingBlocks.Application.csproj", "{76EF42EC-983E-0A0F-C38D-C6ABA22595B8}"
EndProject
Project("{FAE04EC0-301F-11D3-BF4B-00C04F79EFBC}") = "Matrix.Population.Contracts", "src\services\population\Matrix.Population.Contracts\Matrix.Population.Contracts.csproj", "{9FBEE798-C99F-44A6-8E92-5D976252DF65}"
EndProject
Project("{FAE04EC0-301F-11D3-BF4B-00C04F79EFBC}") = "Matrix.BuildingBlocks.Infrastructure", "src\building-blocks\Matrix.BuildingBlocks.Infrastructure\Matrix.BuildingBlocks.Infrastructure.csproj", "{4B44ABF6-6BD0-44AB-814E-253DDD955165}"
EndProject
Project("{FAE04EC0-301F-11D3-BF4B-00C04F79EFBC}") = "Matrix.Identity.Domain", "src\services\identity\Matrix.Identity.Domain\Matrix.Identity.Domain.csproj", "{4F3525AD-4B57-40E4-81CB-2B583794C1C4}"
EndProject
Project("{FAE04EC0-301F-11D3-BF4B-00C04F79EFBC}") = "Matrix.Identity.Application", "src\services\identity\Matrix.Identity.Application\Matrix.Identity.Application.csproj", "{C88DF7ED-0FE3-49C4-B283-41D56B1923DE}"
EndProject
Project("{FAE04EC0-301F-11D3-BF4B-00C04F79EFBC}") = "Matrix.Identity.Infrastructure", "src\services\identity\Matrix.Identity.Infrastructure\Matrix.Identity.Infrastructure.csproj", "{21B674E4-974D-4A95-AC17-98FD54FC6472}"
EndProject
Project("{FAE04EC0-301F-11D3-BF4B-00C04F79EFBC}") = "Matrix.Identity.Api", "src\services\identity\Matrix.Identity.Api\Matrix.Identity.Api.csproj", "{28B1F3E0-8432-103A-2621-62D70ED96AFF}"
EndProject
Project("{FAE04EC0-301F-11D3-BF4B-00C04F79EFBC}") = "Matrix.BuildingBlocks.Api", "src\building-blocks\Matrix.BuildingBlocks.Api\Matrix.BuildingBlocks.Api.csproj", "{736BD4E0-E592-4E24-8923-C1DA1D12CC31}"
EndProject
Project("{FAE04EC0-301F-11D3-BF4B-00C04F79EFBC}") = "Matrix.Identity.Contracts", "src\services\identity\Matrix.Identity.Contracts\Matrix.Identity.Contracts.csproj", "{D3E1C099-E0C1-49B3-9EE1-DC98785E31EC}"
EndProject
Project("{FAE04EC0-301F-11D3-BF4B-00C04F79EFBC}") = "Matrix.SimulationCore.Api", "src\services\simulationcore\Matrix.SimulationCore.Api\Matrix.SimulationCore.Api.csproj", "{56CC7A08-FEDC-48A6-8777-E9129E202D1D}"
EndProject
Project("{FAE04EC0-301F-11D3-BF4B-00C04F79EFBC}") = "Matrix.SimulationCore.Application", "src\services\simulationcore\Matrix.SimulationCore.Application\Matrix.SimulationCore.Application.csproj", "{D3A76344-4211-4DA2-80EA-2D625C8BD3AB}"
EndProject
Project("{FAE04EC0-301F-11D3-BF4B-00C04F79EFBC}") = "Matrix.SimulationCore.Domain", "src\services\simulationcore\Matrix.SimulationCore.Domain\Matrix.SimulationCore.Domain.csproj", "{E6749B40-8034-4442-AB6B-691C6AD49565}"
EndProject
Project("{FAE04EC0-301F-11D3-BF4B-00C04F79EFBC}") = "Matrix.SimulationCore.Infrastructure", "src\services\simulationcore\Matrix.SimulationCore.Infrastructure\Matrix.SimulationCore.Infrastructure.csproj", "{408A62BB-A146-4D05-BBA9-243C499E39AD}"
EndProject
Project("{FAE04EC0-301F-11D3-BF4B-00C04F79EFBC}") = "Matrix.SimulationCore.Contracts", "src\services\simulationcore\Matrix.SimulationCore.Contracts\Matrix.SimulationCore.Contracts.csproj", "{46813950-3F54-489D-AAEC-6F2E22F1486C}"
EndProject
Project("{2150E333-8FDC-42A3-9474-1A3956D46DE8}") = "src", "src", "{827E0CD3-B72D-47B6-A68D-7590B98EB39B}"
EndProject
Project("{2150E333-8FDC-42A3-9474-1A3956D46DE8}") = "shared", "shared", "{C8E42992-5E42-0C2B-DBFE-AA848D06431C}"
EndProject
Project("{2150E333-8FDC-42A3-9474-1A3956D46DE8}") = "building-blocks", "building-blocks", "{A651B1F3-5A38-4D03-A86F-31D8024426F5}"
EndProject
Project("{2150E333-8FDC-42A3-9474-1A3956D46DE8}") = "gateways", "gateways", "{C2856316-1252-4C90-A5E8-2D79A817ED75}"
EndProject
Project("{FAE04EC0-301F-11D3-BF4B-00C04F79EFBC}") = "Matrix.PermissionCatalog.Abstractions", "src\shared\Matrix.PermissionCatalog.Abstractions\Matrix.PermissionCatalog.Abstractions.csproj", "{A8EB7819-5E93-45CC-8843-9AADD6E0B8E0}"
EndProject
Project("{FAE04EC0-301F-11D3-BF4B-00C04F79EFBC}") = "Matrix.PermissionCatalog", "src\shared\Matrix.PermissionCatalog\Matrix.PermissionCatalog.csproj", "{24B60CF1-FFDC-49FB-BBC9-E4E868B476B4}"
EndProject
Project("{2150E333-8FDC-42A3-9474-1A3956D46DE8}") = "services", "services", "{984BB9B3-3FA3-BE33-9484-CAC21695A33C}"
EndProject
Project("{2150E333-8FDC-42A3-9474-1A3956D46DE8}") = "population", "population", "{53A23712-763D-456E-8A57-B7A581F384D4}"
EndProject
Project("{2150E333-8FDC-42A3-9474-1A3956D46DE8}") = "identity", "identity", "{BF4408C8-5818-4D22-8F16-2E8127781EC4}"
EndProject
Project("{2150E333-8FDC-42A3-9474-1A3956D46DE8}") = "simulationcore", "simulationcore", "{EFE1247A-2AD4-46FA-9AC1-3E5C1BB6E48E}"
EndProject
Project("{2150E333-8FDC-42A3-9474-1A3956D46DE8}") = "simulationsystems", "simulationsystems", "{DE27F68F-687C-09FC-33FB-C9BFB7283621}"
EndProject
Project("{2150E333-8FDC-42A3-9474-1A3956D46DE8}") = "economy", "economy", "{FE7305C8-F183-FF1D-8380-38F3341A3BD9}"
EndProject
Project("{FAE04EC0-301F-11D3-BF4B-00C04F79EFBC}") = "Matrix.SimulationSystems.Domain", "src\services\simulationsystems\Matrix.SimulationSystems.Domain\Matrix.SimulationSystems.Domain.csproj", "{CF85C588-836C-4794-94F4-78B0D294C8AE}"
EndProject
Project("{FAE04EC0-301F-11D3-BF4B-00C04F79EFBC}") = "Matrix.Economy.Domain", "src\services\economy\Matrix.Economy.Domain\Matrix.Economy.Domain.csproj", "{2073EEC6-1CC2-4515-B1A7-33FD4C754549}"
EndProject
Project("{FAE04EC0-301F-11D3-BF4B-00C04F79EFBC}") = "Matrix.Economy.Application", "src\services\economy\Matrix.Economy.Application\Matrix.Economy.Application.csproj", "{E963160C-2344-4F76-B982-4167E1354D68}"
EndProject
Project("{FAE04EC0-301F-11D3-BF4B-00C04F79EFBC}") = "Matrix.Economy.Infrastructure", "src\services\economy\Matrix.Economy.Infrastructure\Matrix.Economy.Infrastructure.csproj", "{15EED2D7-E56F-47F0-8193-57D2F9AF152B}"
EndProject
Project("{FAE04EC0-301F-11D3-BF4B-00C04F79EFBC}") = "Matrix.Economy.Api", "src\services\economy\Matrix.Economy.Api\Matrix.Economy.Api.csproj", "{5A118C89-ADE6-464E-91EA-86B9F1D8E9D8}"
EndProject
Project("{FAE04EC0-301F-11D3-BF4B-00C04F79EFBC}") = "Matrix.Economy.Contracts", "src\services\economy\Matrix.Economy.Contracts\Matrix.Economy.Contracts.csproj", "{AF41CFFC-37CD-4195-9F91-9435528BD816}"
EndProject
Project("{FAE04EC0-301F-11D3-BF4B-00C04F79EFBC}") = "Matrix.SimulationSystems.Application", "src\services\simulationsystems\Matrix.SimulationSystems.Application\Matrix.SimulationSystems.Application.csproj", "{AA1F8E92-F950-4FA4-9A1F-A90F8ACA9964}"
EndProject
Project("{FAE04EC0-301F-11D3-BF4B-00C04F79EFBC}") = "Matrix.SimulationSystems.Infrastructure", "src\services\simulationsystems\Matrix.SimulationSystems.Infrastructure\Matrix.SimulationSystems.Infrastructure.csproj", "{DB33433B-E34E-48FB-ACA9-BD84441DE2F5}"
EndProject
Project("{FAE04EC0-301F-11D3-BF4B-00C04F79EFBC}") = "Matrix.SimulationSystems.Contracts", "src\services\simulationsystems\Matrix.SimulationSystems.Contracts\Matrix.SimulationSystems.Contracts.csproj", "{636DE696-1CF4-4D78-9ED5-B181E642ECF3}"
EndProject
Project("{FAE04EC0-301F-11D3-BF4B-00C04F79EFBC}") = "Matrix.SimulationSystems.Api", "src\services\simulationsystems\Matrix.SimulationSystems.Api\Matrix.SimulationSystems.Api.csproj", "{0A9176A5-AB53-4F29-AA00-89CBEDA85800}"
EndProject
Project("{2150E333-8FDC-42A3-9474-1A3956D46DE8}") = "resources", "resources", "{E0A78DEB-2D3E-993E-D3E3-9145B5435C24}"
EndProject
Project("{FAE04EC0-301F-11D3-BF4B-00C04F79EFBC}") = "Matrix.Resources.Contracts", "src\services\resources\Matrix.Resources.Contracts\Matrix.Resources.Contracts.csproj", "{E767AD4F-B996-4DAE-B6B7-145F3F6A4057}"
EndProject
Project("{FAE04EC0-301F-11D3-BF4B-00C04F79EFBC}") = "Matrix.Resources.Domain", "src\services\resources\Matrix.Resources.Domain\Matrix.Resources.Domain.csproj", "{82D6F4FF-30DC-4D8D-938F-56E0642E08FA}"
EndProject
Project("{FAE04EC0-301F-11D3-BF4B-00C04F79EFBC}") = "Matrix.Resources.Application", "src\services\resources\Matrix.Resources.Application\Matrix.Resources.Application.csproj", "{6856A421-D839-40D8-A5AC-2A912B3EE9AC}"
EndProject
Project("{FAE04EC0-301F-11D3-BF4B-00C04F79EFBC}") = "Matrix.Resources.Infrastructure", "src\services\resources\Matrix.Resources.Infrastructure\Matrix.Resources.Infrastructure.csproj", "{23C5EFF9-4D8B-409C-A979-BE8EC40F657C}"
EndProject
Project("{FAE04EC0-301F-11D3-BF4B-00C04F79EFBC}") = "Matrix.Resources.Api", "src\services\resources\Matrix.Resources.Api\Matrix.Resources.Api.csproj", "{16E658F4-9AAB-4D81-9A6F-922280F04210}"
EndProject
Project("{2150E333-8FDC-42A3-9474-1A3956D46DE8}") = "tools", "tools", "{DCB6FCB8-FF92-AC57-0842-1F72A354D6B1}"
EndProject
Project("{FAE04EC0-301F-11D3-BF4B-00C04F79EFBC}") = "Matrix.DatabaseMigrationRunner", "src\tools\Matrix.DatabaseMigrationRunner\Matrix.DatabaseMigrationRunner.csproj", "{8E6CF1D1-0647-4096-9BE1-F6FEE98A7A97}"
EndProject
Global
	GlobalSection(SolutionConfigurationPlatforms) = preSolution
		Debug|Any CPU = Debug|Any CPU
		Debug|x64 = Debug|x64
		Debug|x86 = Debug|x86
		Release|Any CPU = Release|Any CPU
		Release|x64 = Release|x64
		Release|x86 = Release|x86
	EndGlobalSection
	GlobalSection(ProjectConfigurationPlatforms) = postSolution
		{E9E71812-C75C-492E-859E-4E0E111451AF}.Debug|Any CPU.ActiveCfg = Debug|Any CPU
		{E9E71812-C75C-492E-859E-4E0E111451AF}.Debug|Any CPU.Build.0 = Debug|Any CPU
		{E9E71812-C75C-492E-859E-4E0E111451AF}.Debug|x64.ActiveCfg = Debug|Any CPU
		{E9E71812-C75C-492E-859E-4E0E111451AF}.Debug|x64.Build.0 = Debug|Any CPU
		{E9E71812-C75C-492E-859E-4E0E111451AF}.Debug|x86.ActiveCfg = Debug|Any CPU
		{E9E71812-C75C-492E-859E-4E0E111451AF}.Debug|x86.Build.0 = Debug|Any CPU
		{E9E71812-C75C-492E-859E-4E0E111451AF}.Release|Any CPU.ActiveCfg = Release|Any CPU
		{E9E71812-C75C-492E-859E-4E0E111451AF}.Release|Any CPU.Build.0 = Release|Any CPU
		{E9E71812-C75C-492E-859E-4E0E111451AF}.Release|x64.ActiveCfg = Release|Any CPU
		{E9E71812-C75C-492E-859E-4E0E111451AF}.Release|x64.Build.0 = Release|Any CPU
		{E9E71812-C75C-492E-859E-4E0E111451AF}.Release|x86.ActiveCfg = Release|Any CPU
		{E9E71812-C75C-492E-859E-4E0E111451AF}.Release|x86.Build.0 = Release|Any CPU
		{2C1D9736-AADD-4BE8-9C69-EA3D9DE3CFF6}.Debug|Any CPU.ActiveCfg = Debug|Any CPU
		{2C1D9736-AADD-4BE8-9C69-EA3D9DE3CFF6}.Debug|Any CPU.Build.0 = Debug|Any CPU
		{2C1D9736-AADD-4BE8-9C69-EA3D9DE3CFF6}.Debug|x64.ActiveCfg = Debug|Any CPU
		{2C1D9736-AADD-4BE8-9C69-EA3D9DE3CFF6}.Debug|x64.Build.0 = Debug|Any CPU
		{2C1D9736-AADD-4BE8-9C69-EA3D9DE3CFF6}.Debug|x86.ActiveCfg = Debug|Any CPU
		{2C1D9736-AADD-4BE8-9C69-EA3D9DE3CFF6}.Debug|x86.Build.0 = Debug|Any CPU
		{2C1D9736-AADD-4BE8-9C69-EA3D9DE3CFF6}.Release|Any CPU.ActiveCfg = Release|Any CPU
		{2C1D9736-AADD-4BE8-9C69-EA3D9DE3CFF6}.Release|Any CPU.Build.0 = Release|Any CPU
		{2C1D9736-AADD-4BE8-9C69-EA3D9DE3CFF6}.Release|x64.ActiveCfg = Release|Any CPU
		{2C1D9736-AADD-4BE8-9C69-EA3D9DE3CFF6}.Release|x64.Build.0 = Release|Any CPU
		{2C1D9736-AADD-4BE8-9C69-EA3D9DE3CFF6}.Release|x86.ActiveCfg = Release|Any CPU
		{2C1D9736-AADD-4BE8-9C69-EA3D9DE3CFF6}.Release|x86.Build.0 = Release|Any CPU
		{5E3D4188-FCE1-4105-852D-214CB0F5FC3B}.Debug|Any CPU.ActiveCfg = Debug|Any CPU
		{5E3D4188-FCE1-4105-852D-214CB0F5FC3B}.Debug|Any CPU.Build.0 = Debug|Any CPU
		{5E3D4188-FCE1-4105-852D-214CB0F5FC3B}.Debug|x64.ActiveCfg = Debug|Any CPU
		{5E3D4188-FCE1-4105-852D-214CB0F5FC3B}.Debug|x64.Build.0 = Debug|Any CPU
		{5E3D4188-FCE1-4105-852D-214CB0F5FC3B}.Debug|x86.ActiveCfg = Debug|Any CPU
		{5E3D4188-FCE1-4105-852D-214CB0F5FC3B}.Debug|x86.Build.0 = Debug|Any CPU
		{5E3D4188-FCE1-4105-852D-214CB0F5FC3B}.Release|Any CPU.ActiveCfg = Release|Any CPU
		{5E3D4188-FCE1-4105-852D-214CB0F5FC3B}.Release|Any CPU.Build.0 = Release|Any CPU
		{5E3D4188-FCE1-4105-852D-214CB0F5FC3B}.Release|x64.ActiveCfg = Release|Any CPU
		{5E3D4188-FCE1-4105-852D-214CB0F5FC3B}.Release|x64.Build.0 = Release|Any CPU
		{5E3D4188-FCE1-4105-852D-214CB0F5FC3B}.Release|x86.ActiveCfg = Release|Any CPU
		{5E3D4188-FCE1-4105-852D-214CB0F5FC3B}.Release|x86.Build.0 = Release|Any CPU
		{8EC7FB03-C495-46F1-ABC3-5F583F8A8798}.Debug|Any CPU.ActiveCfg = Debug|Any CPU
		{8EC7FB03-C495-46F1-ABC3-5F583F8A8798}.Debug|Any CPU.Build.0 = Debug|Any CPU
		{8EC7FB03-C495-46F1-ABC3-5F583F8A8798}.Debug|x64.ActiveCfg = Debug|Any CPU
		{8EC7FB03-C495-46F1-ABC3-5F583F8A8798}.Debug|x64.Build.0 = Debug|Any CPU
		{8EC7FB03-C495-46F1-ABC3-5F583F8A8798}.Debug|x86.ActiveCfg = Debug|Any CPU
		{8EC7FB03-C495-46F1-ABC3-5F583F8A8798}.Debug|x86.Build.0 = Debug|Any CPU
		{8EC7FB03-C495-46F1-ABC3-5F583F8A8798}.Release|Any CPU.ActiveCfg = Release|Any CPU
		{8EC7FB03-C495-46F1-ABC3-5F583F8A8798}.Release|Any CPU.Build.0 = Release|Any CPU
		{8EC7FB03-C495-46F1-ABC3-5F583F8A8798}.Release|x64.ActiveCfg = Release|Any CPU
		{8EC7FB03-C495-46F1-ABC3-5F583F8A8798}.Release|x64.Build.0 = Release|Any CPU
		{8EC7FB03-C495-46F1-ABC3-5F583F8A8798}.Release|x86.ActiveCfg = Release|Any CPU
		{8EC7FB03-C495-46F1-ABC3-5F583F8A8798}.Release|x86.Build.0 = Release|Any CPU
		{0B910E5B-9701-4D85-8EBA-799F2A2FD00E}.Debug|Any CPU.ActiveCfg = Debug|Any CPU
		{0B910E5B-9701-4D85-8EBA-799F2A2FD00E}.Debug|Any CPU.Build.0 = Debug|Any CPU
		{0B910E5B-9701-4D85-8EBA-799F2A2FD00E}.Debug|x64.ActiveCfg = Debug|Any CPU
		{0B910E5B-9701-4D85-8EBA-799F2A2FD00E}.Debug|x64.Build.0 = Debug|Any CPU
		{0B910E5B-9701-4D85-8EBA-799F2A2FD00E}.Debug|x86.ActiveCfg = Debug|Any CPU
		{0B910E5B-9701-4D85-8EBA-799F2A2FD00E}.Debug|x86.Build.0 = Debug|Any CPU
		{0B910E5B-9701-4D85-8EBA-799F2A2FD00E}.Release|Any CPU.ActiveCfg = Release|Any CPU
		{0B910E5B-9701-4D85-8EBA-799F2A2FD00E}.Release|Any CPU.Build.0 = Release|Any CPU
		{0B910E5B-9701-4D85-8EBA-799F2A2FD00E}.Release|x64.ActiveCfg = Release|Any CPU
		{0B910E5B-9701-4D85-8EBA-799F2A2FD00E}.Release|x64.Build.0 = Release|Any CPU
		{0B910E5B-9701-4D85-8EBA-799F2A2FD00E}.Release|x86.ActiveCfg = Release|Any CPU
		{0B910E5B-9701-4D85-8EBA-799F2A2FD00E}.Release|x86.Build.0 = Release|Any CPU
		{637EE457-655B-B0DA-7023-9810E42F0A19}.Debug|Any CPU.ActiveCfg = Debug|Any CPU
		{637EE457-655B-B0DA-7023-9810E42F0A19}.Debug|Any CPU.Build.0 = Debug|Any CPU
		{637EE457-655B-B0DA-7023-9810E42F0A19}.Debug|x64.ActiveCfg = Debug|Any CPU
		{637EE457-655B-B0DA-7023-9810E42F0A19}.Debug|x64.Build.0 = Debug|Any CPU
		{637EE457-655B-B0DA-7023-9810E42F0A19}.Debug|x86.ActiveCfg = Debug|Any CPU
		{637EE457-655B-B0DA-7023-9810E42F0A19}.Debug|x86.Build.0 = Debug|Any CPU
		{637EE457-655B-B0DA-7023-9810E42F0A19}.Release|Any CPU.ActiveCfg = Release|Any CPU
		{637EE457-655B-B0DA-7023-9810E42F0A19}.Release|Any CPU.Build.0 = Release|Any CPU
		{637EE457-655B-B0DA-7023-9810E42F0A19}.Release|x64.ActiveCfg = Release|Any CPU
		{637EE457-655B-B0DA-7023-9810E42F0A19}.Release|x64.Build.0 = Release|Any CPU
		{637EE457-655B-B0DA-7023-9810E42F0A19}.Release|x86.ActiveCfg = Release|Any CPU
		{637EE457-655B-B0DA-7023-9810E42F0A19}.Release|x86.Build.0 = Release|Any CPU
		{76EF42EC-983E-0A0F-C38D-C6ABA22595B8}.Debug|Any CPU.ActiveCfg = Debug|Any CPU
		{76EF42EC-983E-0A0F-C38D-C6ABA22595B8}.Debug|Any CPU.Build.0 = Debug|Any CPU
		{76EF42EC-983E-0A0F-C38D-C6ABA22595B8}.Debug|x64.ActiveCfg = Debug|Any CPU
		{76EF42EC-983E-0A0F-C38D-C6ABA22595B8}.Debug|x64.Build.0 = Debug|Any CPU
		{76EF42EC-983E-0A0F-C38D-C6ABA22595B8}.Debug|x86.ActiveCfg = Debug|Any CPU
		{76EF42EC-983E-0A0F-C38D-C6ABA22595B8}.Debug|x86.Build.0 = Debug|Any CPU
		{76EF42EC-983E-0A0F-C38D-C6ABA22595B8}.Release|Any CPU.ActiveCfg = Release|Any CPU
		{76EF42EC-983E-0A0F-C38D-C6ABA22595B8}.Release|Any CPU.Build.0 = Release|Any CPU
		{76EF42EC-983E-0A0F-C38D-C6ABA22595B8}.Release|x64.ActiveCfg = Release|Any CPU
		{76EF42EC-983E-0A0F-C38D-C6ABA22595B8}.Release|x64.Build.0 = Release|Any CPU
		{76EF42EC-983E-0A0F-C38D-C6ABA22595B8}.Release|x86.ActiveCfg = Release|Any CPU
		{76EF42EC-983E-0A0F-C38D-C6ABA22595B8}.Release|x86.Build.0 = Release|Any CPU
		{9FBEE798-C99F-44A6-8E92-5D976252DF65}.Debug|Any CPU.ActiveCfg = Debug|Any CPU
		{9FBEE798-C99F-44A6-8E92-5D976252DF65}.Debug|Any CPU.Build.0 = Debug|Any CPU
		{9FBEE798-C99F-44A6-8E92-5D976252DF65}.Debug|x64.ActiveCfg = Debug|Any CPU
		{9FBEE798-C99F-44A6-8E92-5D976252DF65}.Debug|x64.Build.0 = Debug|Any CPU
		{9FBEE798-C99F-44A6-8E92-5D976252DF65}.Debug|x86.ActiveCfg = Debug|Any CPU
		{9FBEE798-C99F-44A6-8E92-5D976252DF65}.Debug|x86.Build.0 = Debug|Any CPU
		{9FBEE798-C99F-44A6-8E92-5D976252DF65}.Release|Any CPU.ActiveCfg = Release|Any CPU
		{9FBEE798-C99F-44A6-8E92-5D976252DF65}.Release|Any CPU.Build.0 = Release|Any CPU
		{9FBEE798-C99F-44A6-8E92-5D976252DF65}.Release|x64.ActiveCfg = Release|Any CPU
		{9FBEE798-C99F-44A6-8E92-5D976252DF65}.Release|x64.Build.0 = Release|Any CPU
		{9FBEE798-C99F-44A6-8E92-5D976252DF65}.Release|x86.ActiveCfg = Release|Any CPU
		{9FBEE798-C99F-44A6-8E92-5D976252DF65}.Release|x86.Build.0 = Release|Any CPU
		{4B44ABF6-6BD0-44AB-814E-253DDD955165}.Debug|Any CPU.ActiveCfg = Debug|Any CPU
		{4B44ABF6-6BD0-44AB-814E-253DDD955165}.Debug|Any CPU.Build.0 = Debug|Any CPU
		{4B44ABF6-6BD0-44AB-814E-253DDD955165}.Debug|x64.ActiveCfg = Debug|Any CPU
		{4B44ABF6-6BD0-44AB-814E-253DDD955165}.Debug|x64.Build.0 = Debug|Any CPU
		{4B44ABF6-6BD0-44AB-814E-253DDD955165}.Debug|x86.ActiveCfg = Debug|Any CPU
		{4B44ABF6-6BD0-44AB-814E-253DDD955165}.Debug|x86.Build.0 = Debug|Any CPU
		{4B44ABF6-6BD0-44AB-814E-253DDD955165}.Release|Any CPU.ActiveCfg = Release|Any CPU
		{4B44ABF6-6BD0-44AB-814E-253DDD955165}.Release|Any CPU.Build.0 = Release|Any CPU
		{4B44ABF6-6BD0-44AB-814E-253DDD955165}.Release|x64.ActiveCfg = Release|Any CPU
		{4B44ABF6-6BD0-44AB-814E-253DDD955165}.Release|x64.Build.0 = Release|Any CPU
		{4B44ABF6-6BD0-44AB-814E-253DDD955165}.Release|x86.ActiveCfg = Release|Any CPU
		{4B44ABF6-6BD0-44AB-814E-253DDD955165}.Release|x86.Build.0 = Release|Any CPU
		{4F3525AD-4B57-40E4-81CB-2B583794C1C4}.Debug|Any CPU.ActiveCfg = Debug|Any CPU
		{4F3525AD-4B57-40E4-81CB-2B583794C1C4}.Debug|Any CPU.Build.0 = Debug|Any CPU
		{4F3525AD-4B57-40E4-81CB-2B583794C1C4}.Debug|x64.ActiveCfg = Debug|Any CPU
		{4F3525AD-4B57-40E4-81CB-2B583794C1C4}.Debug|x64.Build.0 = Debug|Any CPU
		{4F3525AD-4B57-40E4-81CB-2B583794C1C4}.Debug|x86.ActiveCfg = Debug|Any CPU
		{4F3525AD-4B57-40E4-81CB-2B583794C1C4}.Debug|x86.Build.0 = Debug|Any CPU
		{4F3525AD-4B57-40E4-81CB-2B583794C1C4}.Release|Any CPU.ActiveCfg = Release|Any CPU
		{4F3525AD-4B57-40E4-81CB-2B583794C1C4}.Release|Any CPU.Build.0 = Release|Any CPU
		{4F3525AD-4B57-40E4-81CB-2B583794C1C4}.Release|x64.ActiveCfg = Release|Any CPU
		{4F3525AD-4B57-40E4-81CB-2B583794C1C4}.Release|x64.Build.0 = Release|Any CPU
		{4F3525AD-4B57-40E4-81CB-2B583794C1C4}.Release|x86.ActiveCfg = Release|Any CPU
		{4F3525AD-4B57-40E4-81CB-2B583794C1C4}.Release|x86.Build.0 = Release|Any CPU
		{C88DF7ED-0FE3-49C4-B283-41D56B1923DE}.Debug|Any CPU.ActiveCfg = Debug|Any CPU
		{C88DF7ED-0FE3-49C4-B283-41D56B1923DE}.Debug|Any CPU.Build.0 = Debug|Any CPU
		{C88DF7ED-0FE3-49C4-B283-41D56B1923DE}.Debug|x64.ActiveCfg = Debug|Any CPU
		{C88DF7ED-0FE3-49C4-B283-41D56B1923DE}.Debug|x64.Build.0 = Debug|Any CPU
		{C88DF7ED-0FE3-49C4-B283-41D56B1923DE}.Debug|x86.ActiveCfg = Debug|Any CPU
		{C88DF7ED-0FE3-49C4-B283-41D56B1923DE}.Debug|x86.Build.0 = Debug|Any CPU
		{C88DF7ED-0FE3-49C4-B283-41D56B1923DE}.Release|Any CPU.ActiveCfg = Release|Any CPU
		{C88DF7ED-0FE3-49C4-B283-41D56B1923DE}.Release|Any CPU.Build.0 = Release|Any CPU
		{C88DF7ED-0FE3-49C4-B283-41D56B1923DE}.Release|x64.ActiveCfg = Release|Any CPU
		{C88DF7ED-0FE3-49C4-B283-41D56B1923DE}.Release|x64.Build.0 = Release|Any CPU
		{C88DF7ED-0FE3-49C4-B283-41D56B1923DE}.Release|x86.ActiveCfg = Release|Any CPU
		{C88DF7ED-0FE3-49C4-B283-41D56B1923DE}.Release|x86.Build.0 = Release|Any CPU
		{21B674E4-974D-4A95-AC17-98FD54FC6472}.Debug|Any CPU.ActiveCfg = Debug|Any CPU
		{21B674E4-974D-4A95-AC17-98FD54FC6472}.Debug|Any CPU.Build.0 = Debug|Any CPU
		{21B674E4-974D-4A95-AC17-98FD54FC6472}.Debug|x64.ActiveCfg = Debug|Any CPU
		{21B674E4-974D-4A95-AC17-98FD54FC6472}.Debug|x64.Build.0 = Debug|Any CPU
		{21B674E4-974D-4A95-AC17-98FD54FC6472}.Debug|x86.ActiveCfg = Debug|Any CPU
		{21B674E4-974D-4A95-AC17-98FD54FC6472}.Debug|x86.Build.0 = Debug|Any CPU
		{21B674E4-974D-4A95-AC17-98FD54FC6472}.Release|Any CPU.ActiveCfg = Release|Any CPU
		{21B674E4-974D-4A95-AC17-98FD54FC6472}.Release|Any CPU.Build.0 = Release|Any CPU
		{21B674E4-974D-4A95-AC17-98FD54FC6472}.Release|x64.ActiveCfg = Release|Any CPU
		{21B674E4-974D-4A95-AC17-98FD54FC6472}.Release|x64.Build.0 = Release|Any CPU
		{21B674E4-974D-4A95-AC17-98FD54FC6472}.Release|x86.ActiveCfg = Release|Any CPU
		{21B674E4-974D-4A95-AC17-98FD54FC6472}.Release|x86.Build.0 = Release|Any CPU
		{28B1F3E0-8432-103A-2621-62D70ED96AFF}.Debug|Any CPU.ActiveCfg = Debug|Any CPU
		{28B1F3E0-8432-103A-2621-62D70ED96AFF}.Debug|Any CPU.Build.0 = Debug|Any CPU
		{28B1F3E0-8432-103A-2621-62D70ED96AFF}.Debug|x64.ActiveCfg = Debug|Any CPU
		{28B1F3E0-8432-103A-2621-62D70ED96AFF}.Debug|x64.Build.0 = Debug|Any CPU
		{28B1F3E0-8432-103A-2621-62D70ED96AFF}.Debug|x86.ActiveCfg = Debug|Any CPU
		{28B1F3E0-8432-103A-2621-62D70ED96AFF}.Debug|x86.Build.0 = Debug|Any CPU
		{28B1F3E0-8432-103A-2621-62D70ED96AFF}.Release|Any CPU.ActiveCfg = Release|Any CPU
		{28B1F3E0-8432-103A-2621-62D70ED96AFF}.Release|Any CPU.Build.0 = Release|Any CPU
		{28B1F3E0-8432-103A-2621-62D70ED96AFF}.Release|x64.ActiveCfg = Release|Any CPU
		{28B1F3E0-8432-103A-2621-62D70ED96AFF}.Release|x64.Build.0 = Release|Any CPU
		{28B1F3E0-8432-103A-2621-62D70ED96AFF}.Release|x86.ActiveCfg = Release|Any CPU
		{28B1F3E0-8432-103A-2621-62D70ED96AFF}.Release|x86.Build.0 = Release|Any CPU
		{736BD4E0-E592-4E24-8923-C1DA1D12CC31}.Debug|Any CPU.ActiveCfg = Debug|Any CPU
		{736BD4E0-E592-4E24-8923-C1DA1D12CC31}.Debug|Any CPU.Build.0 = Debug|Any CPU
		{736BD4E0-E592-4E24-8923-C1DA1D12CC31}.Debug|x64.ActiveCfg = Debug|Any CPU
		{736BD4E0-E592-4E24-8923-C1DA1D12CC31}.Debug|x64.Build.0 = Debug|Any CPU
		{736BD4E0-E592-4E24-8923-C1DA1D12CC31}.Debug|x86.ActiveCfg = Debug|Any CPU
		{736BD4E0-E592-4E24-8923-C1DA1D12CC31}.Debug|x86.Build.0 = Debug|Any CPU
		{736BD4E0-E592-4E24-8923-C1DA1D12CC31}.Release|Any CPU.ActiveCfg = Release|Any CPU
		{736BD4E0-E592-4E24-8923-C1DA1D12CC31}.Release|Any CPU.Build.0 = Release|Any CPU
		{736BD4E0-E592-4E24-8923-C1DA1D12CC31}.Release|x64.ActiveCfg = Release|Any CPU
		{736BD4E0-E592-4E24-8923-C1DA1D12CC31}.Release|x64.Build.0 = Release|Any CPU
		{736BD4E0-E592-4E24-8923-C1DA1D12CC31}.Release|x86.ActiveCfg = Release|Any CPU
		{736BD4E0-E592-4E24-8923-C1DA1D12CC31}.Release|x86.Build.0 = Release|Any CPU
		{D3E1C099-E0C1-49B3-9EE1-DC98785E31EC}.Debug|Any CPU.ActiveCfg = Debug|Any CPU
		{D3E1C099-E0C1-49B3-9EE1-DC98785E31EC}.Debug|Any CPU.Build.0 = Debug|Any CPU
		{D3E1C099-E0C1-49B3-9EE1-DC98785E31EC}.Debug|x64.ActiveCfg = Debug|Any CPU
		{D3E1C099-E0C1-49B3-9EE1-DC98785E31EC}.Debug|x64.Build.0 = Debug|Any CPU
		{D3E1C099-E0C1-49B3-9EE1-DC98785E31EC}.Debug|x86.ActiveCfg = Debug|Any CPU
		{D3E1C099-E0C1-49B3-9EE1-DC98785E31EC}.Debug|x86.Build.0 = Debug|Any CPU
		{D3E1C099-E0C1-49B3-9EE1-DC98785E31EC}.Release|Any CPU.ActiveCfg = Release|Any CPU
		{D3E1C099-E0C1-49B3-9EE1-DC98785E31EC}.Release|Any CPU.Build.0 = Release|Any CPU
		{D3E1C099-E0C1-49B3-9EE1-DC98785E31EC}.Release|x64.ActiveCfg = Release|Any CPU
		{D3E1C099-E0C1-49B3-9EE1-DC98785E31EC}.Release|x64.Build.0 = Release|Any CPU
		{D3E1C099-E0C1-49B3-9EE1-DC98785E31EC}.Release|x86.ActiveCfg = Release|Any CPU
		{D3E1C099-E0C1-49B3-9EE1-DC98785E31EC}.Release|x86.Build.0 = Release|Any CPU
		{56CC7A08-FEDC-48A6-8777-E9129E202D1D}.Debug|Any CPU.ActiveCfg = Debug|Any CPU
		{56CC7A08-FEDC-48A6-8777-E9129E202D1D}.Debug|Any CPU.Build.0 = Debug|Any CPU
		{56CC7A08-FEDC-48A6-8777-E9129E202D1D}.Debug|x64.ActiveCfg = Debug|Any CPU
		{56CC7A08-FEDC-48A6-8777-E9129E202D1D}.Debug|x64.Build.0 = Debug|Any CPU
		{56CC7A08-FEDC-48A6-8777-E9129E202D1D}.Debug|x86.ActiveCfg = Debug|Any CPU
		{56CC7A08-FEDC-48A6-8777-E9129E202D1D}.Debug|x86.Build.0 = Debug|Any CPU
		{56CC7A08-FEDC-48A6-8777-E9129E202D1D}.Release|Any CPU.ActiveCfg = Release|Any CPU
		{56CC7A08-FEDC-48A6-8777-E9129E202D1D}.Release|Any CPU.Build.0 = Release|Any CPU
		{56CC7A08-FEDC-48A6-8777-E9129E202D1D}.Release|x64.ActiveCfg = Release|Any CPU
		{56CC7A08-FEDC-48A6-8777-E9129E202D1D}.Release|x64.Build.0 = Release|Any CPU
		{56CC7A08-FEDC-48A6-8777-E9129E202D1D}.Release|x86.ActiveCfg = Release|Any CPU
		{56CC7A08-FEDC-48A6-8777-E9129E202D1D}.Release|x86.Build.0 = Release|Any CPU
		{D3A76344-4211-4DA2-80EA-2D625C8BD3AB}.Debug|Any CPU.ActiveCfg = Debug|Any CPU
		{D3A76344-4211-4DA2-80EA-2D625C8BD3AB}.Debug|Any CPU.Build.0 = Debug|Any CPU
		{D3A76344-4211-4DA2-80EA-2D625C8BD3AB}.Debug|x64.ActiveCfg = Debug|Any CPU
		{D3A76344-4211-4DA2-80EA-2D625C8BD3AB}.Debug|x64.Build.0 = Debug|Any CPU
		{D3A76344-4211-4DA2-80EA-2D625C8BD3AB}.Debug|x86.ActiveCfg = Debug|Any CPU
		{D3A76344-4211-4DA2-80EA-2D625C8BD3AB}.Debug|x86.Build.0 = Debug|Any CPU
		{D3A76344-4211-4DA2-80EA-2D625C8BD3AB}.Release|Any CPU.ActiveCfg = Release|Any CPU
		{D3A76344-4211-4DA2-80EA-2D625C8BD3AB}.Release|Any CPU.Build.0 = Release|Any CPU
		{D3A76344-4211-4DA2-80EA-2D625C8BD3AB}.Release|x64.ActiveCfg = Release|Any CPU
		{D3A76344-4211-4DA2-80EA-2D625C8BD3AB}.Release|x64.Build.0 = Release|Any CPU
		{D3A76344-4211-4DA2-80EA-2D625C8BD3AB}.Release|x86.ActiveCfg = Release|Any CPU
		{D3A76344-4211-4DA2-80EA-2D625C8BD3AB}.Release|x86.Build.0 = Release|Any CPU
		{E6749B40-8034-4442-AB6B-691C6AD49565}.Debug|Any CPU.ActiveCfg = Debug|Any CPU
		{E6749B40-8034-4442-AB6B-691C6AD49565}.Debug|Any CPU.Build.0 = Debug|Any CPU
		{E6749B40-8034-4442-AB6B-691C6AD49565}.Debug|x64.ActiveCfg = Debug|Any CPU
		{E6749B40-8034-4442-AB6B-691C6AD49565}.Debug|x64.Build.0 = Debug|Any CPU
		{E6749B40-8034-4442-AB6B-691C6AD49565}.Debug|x86.ActiveCfg = Debug|Any CPU
		{E6749B40-8034-4442-AB6B-691C6AD49565}.Debug|x86.Build.0 = Debug|Any CPU
		{E6749B40-8034-4442-AB6B-691C6AD49565}.Release|Any CPU.ActiveCfg = Release|Any CPU
		{E6749B40-8034-4442-AB6B-691C6AD49565}.Release|Any CPU.Build.0 = Release|Any CPU
		{E6749B40-8034-4442-AB6B-691C6AD49565}.Release|x64.ActiveCfg = Release|Any CPU
		{E6749B40-8034-4442-AB6B-691C6AD49565}.Release|x64.Build.0 = Release|Any CPU
		{E6749B40-8034-4442-AB6B-691C6AD49565}.Release|x86.ActiveCfg = Release|Any CPU
		{E6749B40-8034-4442-AB6B-691C6AD49565}.Release|x86.Build.0 = Release|Any CPU
		{408A62BB-A146-4D05-BBA9-243C499E39AD}.Debug|Any CPU.ActiveCfg = Debug|Any CPU
		{408A62BB-A146-4D05-BBA9-243C499E39AD}.Debug|Any CPU.Build.0 = Debug|Any CPU
		{408A62BB-A146-4D05-BBA9-243C499E39AD}.Debug|x64.ActiveCfg = Debug|Any CPU
		{408A62BB-A146-4D05-BBA9-243C499E39AD}.Debug|x64.Build.0 = Debug|Any CPU
		{408A62BB-A146-4D05-BBA9-243C499E39AD}.Debug|x86.ActiveCfg = Debug|Any CPU
		{408A62BB-A146-4D05-BBA9-243C499E39AD}.Debug|x86.Build.0 = Debug|Any CPU
		{408A62BB-A146-4D05-BBA9-243C499E39AD}.Release|Any CPU.ActiveCfg = Release|Any CPU
		{408A62BB-A146-4D05-BBA9-243C499E39AD}.Release|Any CPU.Build.0 = Release|Any CPU
		{408A62BB-A146-4D05-BBA9-243C499E39AD}.Release|x64.ActiveCfg = Release|Any CPU
		{408A62BB-A146-4D05-BBA9-243C499E39AD}.Release|x64.Build.0 = Release|Any CPU
		{408A62BB-A146-4D05-BBA9-243C499E39AD}.Release|x86.ActiveCfg = Release|Any CPU
		{408A62BB-A146-4D05-BBA9-243C499E39AD}.Release|x86.Build.0 = Release|Any CPU
		{46813950-3F54-489D-AAEC-6F2E22F1486C}.Debug|Any CPU.ActiveCfg = Debug|Any CPU
		{46813950-3F54-489D-AAEC-6F2E22F1486C}.Debug|Any CPU.Build.0 = Debug|Any CPU
		{46813950-3F54-489D-AAEC-6F2E22F1486C}.Debug|x64.ActiveCfg = Debug|Any CPU
		{46813950-3F54-489D-AAEC-6F2E22F1486C}.Debug|x64.Build.0 = Debug|Any CPU
		{46813950-3F54-489D-AAEC-6F2E22F1486C}.Debug|x86.ActiveCfg = Debug|Any CPU
		{46813950-3F54-489D-AAEC-6F2E22F1486C}.Debug|x86.Build.0 = Debug|Any CPU
		{46813950-3F54-489D-AAEC-6F2E22F1486C}.Release|Any CPU.ActiveCfg = Release|Any CPU
		{46813950-3F54-489D-AAEC-6F2E22F1486C}.Release|Any CPU.Build.0 = Release|Any CPU
		{46813950-3F54-489D-AAEC-6F2E22F1486C}.Release|x64.ActiveCfg = Release|Any CPU
		{46813950-3F54-489D-AAEC-6F2E22F1486C}.Release|x64.Build.0 = Release|Any CPU
		{46813950-3F54-489D-AAEC-6F2E22F1486C}.Release|x86.ActiveCfg = Release|Any CPU
		{46813950-3F54-489D-AAEC-6F2E22F1486C}.Release|x86.Build.0 = Release|Any CPU
		{A8EB7819-5E93-45CC-8843-9AADD6E0B8E0}.Debug|Any CPU.ActiveCfg = Debug|Any CPU
		{A8EB7819-5E93-45CC-8843-9AADD6E0B8E0}.Debug|Any CPU.Build.0 = Debug|Any CPU
		{A8EB7819-5E93-45CC-8843-9AADD6E0B8E0}.Debug|x64.ActiveCfg = Debug|Any CPU
		{A8EB7819-5E93-45CC-8843-9AADD6E0B8E0}.Debug|x64.Build.0 = Debug|Any CPU
		{A8EB7819-5E93-45CC-8843-9AADD6E0B8E0}.Debug|x86.ActiveCfg = Debug|Any CPU
		{A8EB7819-5E93-45CC-8843-9AADD6E0B8E0}.Debug|x86.Build.0 = Debug|Any CPU
		{A8EB7819-5E93-45CC-8843-9AADD6E0B8E0}.Release|Any CPU.ActiveCfg = Release|Any CPU
		{A8EB7819-5E93-45CC-8843-9AADD6E0B8E0}.Release|Any CPU.Build.0 = Release|Any CPU
		{A8EB7819-5E93-45CC-8843-9AADD6E0B8E0}.Release|x64.ActiveCfg = Release|Any CPU
		{A8EB7819-5E93-45CC-8843-9AADD6E0B8E0}.Release|x64.Build.0 = Release|Any CPU
		{A8EB7819-5E93-45CC-8843-9AADD6E0B8E0}.Release|x86.ActiveCfg = Release|Any CPU
		{A8EB7819-5E93-45CC-8843-9AADD6E0B8E0}.Release|x86.Build.0 = Release|Any CPU
		{24B60CF1-FFDC-49FB-BBC9-E4E868B476B4}.Debug|Any CPU.ActiveCfg = Debug|Any CPU
		{24B60CF1-FFDC-49FB-BBC9-E4E868B476B4}.Debug|Any CPU.Build.0 = Debug|Any CPU
		{24B60CF1-FFDC-49FB-BBC9-E4E868B476B4}.Debug|x64.ActiveCfg = Debug|Any CPU
		{24B60CF1-FFDC-49FB-BBC9-E4E868B476B4}.Debug|x64.Build.0 = Debug|Any CPU
		{24B60CF1-FFDC-49FB-BBC9-E4E868B476B4}.Debug|x86.ActiveCfg = Debug|Any CPU
		{24B60CF1-FFDC-49FB-BBC9-E4E868B476B4}.Debug|x86.Build.0 = Debug|Any CPU
		{24B60CF1-FFDC-49FB-BBC9-E4E868B476B4}.Release|Any CPU.ActiveCfg = Release|Any CPU
		{24B60CF1-FFDC-49FB-BBC9-E4E868B476B4}.Release|Any CPU.Build.0 = Release|Any CPU
		{24B60CF1-FFDC-49FB-BBC9-E4E868B476B4}.Release|x64.ActiveCfg = Release|Any CPU
		{24B60CF1-FFDC-49FB-BBC9-E4E868B476B4}.Release|x64.Build.0 = Release|Any CPU
		{24B60CF1-FFDC-49FB-BBC9-E4E868B476B4}.Release|x86.ActiveCfg = Release|Any CPU
		{24B60CF1-FFDC-49FB-BBC9-E4E868B476B4}.Release|x86.Build.0 = Release|Any CPU
		{CF85C588-836C-4794-94F4-78B0D294C8AE}.Debug|Any CPU.ActiveCfg = Debug|Any CPU
		{CF85C588-836C-4794-94F4-78B0D294C8AE}.Debug|Any CPU.Build.0 = Debug|Any CPU
		{CF85C588-836C-4794-94F4-78B0D294C8AE}.Debug|x64.ActiveCfg = Debug|Any CPU
		{CF85C588-836C-4794-94F4-78B0D294C8AE}.Debug|x64.Build.0 = Debug|Any CPU
		{CF85C588-836C-4794-94F4-78B0D294C8AE}.Debug|x86.ActiveCfg = Debug|Any CPU
		{CF85C588-836C-4794-94F4-78B0D294C8AE}.Debug|x86.Build.0 = Debug|Any CPU
		{CF85C588-836C-4794-94F4-78B0D294C8AE}.Release|Any CPU.ActiveCfg = Release|Any CPU
		{CF85C588-836C-4794-94F4-78B0D294C8AE}.Release|Any CPU.Build.0 = Release|Any CPU
		{CF85C588-836C-4794-94F4-78B0D294C8AE}.Release|x64.ActiveCfg = Release|Any CPU
		{CF85C588-836C-4794-94F4-78B0D294C8AE}.Release|x64.Build.0 = Release|Any CPU
		{CF85C588-836C-4794-94F4-78B0D294C8AE}.Release|x86.ActiveCfg = Release|Any CPU
		{CF85C588-836C-4794-94F4-78B0D294C8AE}.Release|x86.Build.0 = Release|Any CPU
		{2073EEC6-1CC2-4515-B1A7-33FD4C754549}.Debug|Any CPU.ActiveCfg = Debug|Any CPU
		{2073EEC6-1CC2-4515-B1A7-33FD4C754549}.Debug|Any CPU.Build.0 = Debug|Any CPU
		{2073EEC6-1CC2-4515-B1A7-33FD4C754549}.Debug|x64.ActiveCfg = Debug|Any CPU
		{2073EEC6-1CC2-4515-B1A7-33FD4C754549}.Debug|x64.Build.0 = Debug|Any CPU
		{2073EEC6-1CC2-4515-B1A7-33FD4C754549}.Debug|x86.ActiveCfg = Debug|Any CPU
		{2073EEC6-1CC2-4515-B1A7-33FD4C754549}.Debug|x86.Build.0 = Debug|Any CPU
		{2073EEC6-1CC2-4515-B1A7-33FD4C754549}.Release|Any CPU.ActiveCfg = Release|Any CPU
		{2073EEC6-1CC2-4515-B1A7-33FD4C754549}.Release|Any CPU.Build.0 = Release|Any CPU
		{2073EEC6-1CC2-4515-B1A7-33FD4C754549}.Release|x64.ActiveCfg = Release|Any CPU
		{2073EEC6-1CC2-4515-B1A7-33FD4C754549}.Release|x64.Build.0 = Release|Any CPU
		{2073EEC6-1CC2-4515-B1A7-33FD4C754549}.Release|x86.ActiveCfg = Release|Any CPU
		{2073EEC6-1CC2-4515-B1A7-33FD4C754549}.Release|x86.Build.0 = Release|Any CPU
		{E963160C-2344-4F76-B982-4167E1354D68}.Debug|Any CPU.ActiveCfg = Debug|Any CPU
		{E963160C-2344-4F76-B982-4167E1354D68}.Debug|Any CPU.Build.0 = Debug|Any CPU
		{E963160C-2344-4F76-B982-4167E1354D68}.Debug|x64.ActiveCfg = Debug|Any CPU
		{E963160C-2344-4F76-B982-4167E1354D68}.Debug|x64.Build.0 = Debug|Any CPU
		{E963160C-2344-4F76-B982-4167E1354D68}.Debug|x86.ActiveCfg = Debug|Any CPU
		{E963160C-2344-4F76-B982-4167E1354D68}.Debug|x86.Build.0 = Debug|Any CPU
		{E963160C-2344-4F76-B982-4167E1354D68}.Release|Any CPU.ActiveCfg = Release|Any CPU
		{E963160C-2344-4F76-B982-4167E1354D68}.Release|Any CPU.Build.0 = Release|Any CPU
		{E963160C-2344-4F76-B982-4167E1354D68}.Release|x64.ActiveCfg = Release|Any CPU
		{E963160C-2344-4F76-B982-4167E1354D68}.Release|x64.Build.0 = Release|Any CPU
		{E963160C-2344-4F76-B982-4167E1354D68}.Release|x86.ActiveCfg = Release|Any CPU
		{E963160C-2344-4F76-B982-4167E1354D68}.Release|x86.Build.0 = Release|Any CPU
		{15EED2D7-E56F-47F0-8193-57D2F9AF152B}.Debug|Any CPU.ActiveCfg = Debug|Any CPU
		{15EED2D7-E56F-47F0-8193-57D2F9AF152B}.Debug|Any CPU.Build.0 = Debug|Any CPU
		{15EED2D7-E56F-47F0-8193-57D2F9AF152B}.Debug|x64.ActiveCfg = Debug|Any CPU
		{15EED2D7-E56F-47F0-8193-57D2F9AF152B}.Debug|x64.Build.0 = Debug|Any CPU
		{15EED2D7-E56F-47F0-8193-57D2F9AF152B}.Debug|x86.ActiveCfg = Debug|Any CPU
		{15EED2D7-E56F-47F0-8193-57D2F9AF152B}.Debug|x86.Build.0 = Debug|Any CPU
		{15EED2D7-E56F-47F0-8193-57D2F9AF152B}.Release|Any CPU.ActiveCfg = Release|Any CPU
		{15EED2D7-E56F-47F0-8193-57D2F9AF152B}.Release|Any CPU.Build.0 = Release|Any CPU
		{15EED2D7-E56F-47F0-8193-57D2F9AF152B}.Release|x64.ActiveCfg = Release|Any CPU
		{15EED2D7-E56F-47F0-8193-57D2F9AF152B}.Release|x64.Build.0 = Release|Any CPU
		{15EED2D7-E56F-47F0-8193-57D2F9AF152B}.Release|x86.ActiveCfg = Release|Any CPU
		{15EED2D7-E56F-47F0-8193-57D2F9AF152B}.Release|x86.Build.0 = Release|Any CPU
		{5A118C89-ADE6-464E-91EA-86B9F1D8E9D8}.Debug|Any CPU.ActiveCfg = Debug|Any CPU
		{5A118C89-ADE6-464E-91EA-86B9F1D8E9D8}.Debug|Any CPU.Build.0 = Debug|Any CPU
		{5A118C89-ADE6-464E-91EA-86B9F1D8E9D8}.Debug|x64.ActiveCfg = Debug|Any CPU
		{5A118C89-ADE6-464E-91EA-86B9F1D8E9D8}.Debug|x64.Build.0 = Debug|Any CPU
		{5A118C89-ADE6-464E-91EA-86B9F1D8E9D8}.Debug|x86.ActiveCfg = Debug|Any CPU
		{5A118C89-ADE6-464E-91EA-86B9F1D8E9D8}.Debug|x86.Build.0 = Debug|Any CPU
		{5A118C89-ADE6-464E-91EA-86B9F1D8E9D8}.Release|Any CPU.ActiveCfg = Release|Any CPU
		{5A118C89-ADE6-464E-91EA-86B9F1D8E9D8}.Release|Any CPU.Build.0 = Release|Any CPU
		{5A118C89-ADE6-464E-91EA-86B9F1D8E9D8}.Release|x64.ActiveCfg = Release|Any CPU
		{5A118C89-ADE6-464E-91EA-86B9F1D8E9D8}.Release|x64.Build.0 = Release|Any CPU
		{5A118C89-ADE6-464E-91EA-86B9F1D8E9D8}.Release|x86.ActiveCfg = Release|Any CPU
		{5A118C89-ADE6-464E-91EA-86B9F1D8E9D8}.Release|x86.Build.0 = Release|Any CPU
		{AF41CFFC-37CD-4195-9F91-9435528BD816}.Debug|Any CPU.ActiveCfg = Debug|Any CPU
		{AF41CFFC-37CD-4195-9F91-9435528BD816}.Debug|Any CPU.Build.0 = Debug|Any CPU
		{AF41CFFC-37CD-4195-9F91-9435528BD816}.Debug|x64.ActiveCfg = Debug|Any CPU
		{AF41CFFC-37CD-4195-9F91-9435528BD816}.Debug|x64.Build.0 = Debug|Any CPU
		{AF41CFFC-37CD-4195-9F91-9435528BD816}.Debug|x86.ActiveCfg = Debug|Any CPU
		{AF41CFFC-37CD-4195-9F91-9435528BD816}.Debug|x86.Build.0 = Debug|Any CPU
		{AF41CFFC-37CD-4195-9F91-9435528BD816}.Release|Any CPU.ActiveCfg = Release|Any CPU
		{AF41CFFC-37CD-4195-9F91-9435528BD816}.Release|Any CPU.Build.0 = Release|Any CPU
		{AF41CFFC-37CD-4195-9F91-9435528BD816}.Release|x64.ActiveCfg = Release|Any CPU
		{AF41CFFC-37CD-4195-9F91-9435528BD816}.Release|x64.Build.0 = Release|Any CPU
		{AF41CFFC-37CD-4195-9F91-9435528BD816}.Release|x86.ActiveCfg = Release|Any CPU
		{AF41CFFC-37CD-4195-9F91-9435528BD816}.Release|x86.Build.0 = Release|Any CPU
		{AA1F8E92-F950-4FA4-9A1F-A90F8ACA9964}.Debug|Any CPU.ActiveCfg = Debug|Any CPU
		{AA1F8E92-F950-4FA4-9A1F-A90F8ACA9964}.Debug|Any CPU.Build.0 = Debug|Any CPU
		{AA1F8E92-F950-4FA4-9A1F-A90F8ACA9964}.Debug|x64.ActiveCfg = Debug|Any CPU
		{AA1F8E92-F950-4FA4-9A1F-A90F8ACA9964}.Debug|x64.Build.0 = Debug|Any CPU
		{AA1F8E92-F950-4FA4-9A1F-A90F8ACA9964}.Debug|x86.ActiveCfg = Debug|Any CPU
		{AA1F8E92-F950-4FA4-9A1F-A90F8ACA9964}.Debug|x86.Build.0 = Debug|Any CPU
		{AA1F8E92-F950-4FA4-9A1F-A90F8ACA9964}.Release|Any CPU.ActiveCfg = Release|Any CPU
		{AA1F8E92-F950-4FA4-9A1F-A90F8ACA9964}.Release|Any CPU.Build.0 = Release|Any CPU
		{AA1F8E92-F950-4FA4-9A1F-A90F8ACA9964}.Release|x64.ActiveCfg = Release|Any CPU
		{AA1F8E92-F950-4FA4-9A1F-A90F8ACA9964}.Release|x64.Build.0 = Release|Any CPU
		{AA1F8E92-F950-4FA4-9A1F-A90F8ACA9964}.Release|x86.ActiveCfg = Release|Any CPU
		{AA1F8E92-F950-4FA4-9A1F-A90F8ACA9964}.Release|x86.Build.0 = Release|Any CPU
		{DB33433B-E34E-48FB-ACA9-BD84441DE2F5}.Debug|Any CPU.ActiveCfg = Debug|Any CPU
		{DB33433B-E34E-48FB-ACA9-BD84441DE2F5}.Debug|Any CPU.Build.0 = Debug|Any CPU
		{DB33433B-E34E-48FB-ACA9-BD84441DE2F5}.Debug|x64.ActiveCfg = Debug|Any CPU
		{DB33433B-E34E-48FB-ACA9-BD84441DE2F5}.Debug|x64.Build.0 = Debug|Any CPU
		{DB33433B-E34E-48FB-ACA9-BD84441DE2F5}.Debug|x86.ActiveCfg = Debug|Any CPU
		{DB33433B-E34E-48FB-ACA9-BD84441DE2F5}.Debug|x86.Build.0 = Debug|Any CPU
		{DB33433B-E34E-48FB-ACA9-BD84441DE2F5}.Release|Any CPU.ActiveCfg = Release|Any CPU
		{DB33433B-E34E-48FB-ACA9-BD84441DE2F5}.Release|Any CPU.Build.0 = Release|Any CPU
		{DB33433B-E34E-48FB-ACA9-BD84441DE2F5}.Release|x64.ActiveCfg = Release|Any CPU
		{DB33433B-E34E-48FB-ACA9-BD84441DE2F5}.Release|x64.Build.0 = Release|Any CPU
		{DB33433B-E34E-48FB-ACA9-BD84441DE2F5}.Release|x86.ActiveCfg = Release|Any CPU
		{DB33433B-E34E-48FB-ACA9-BD84441DE2F5}.Release|x86.Build.0 = Release|Any CPU
		{636DE696-1CF4-4D78-9ED5-B181E642ECF3}.Debug|Any CPU.ActiveCfg = Debug|Any CPU
		{636DE696-1CF4-4D78-9ED5-B181E642ECF3}.Debug|Any CPU.Build.0 = Debug|Any CPU
		{636DE696-1CF4-4D78-9ED5-B181E642ECF3}.Debug|x64.ActiveCfg = Debug|Any CPU
		{636DE696-1CF4-4D78-9ED5-B181E642ECF3}.Debug|x64.Build.0 = Debug|Any CPU
		{636DE696-1CF4-4D78-9ED5-B181E642ECF3}.Debug|x86.ActiveCfg = Debug|Any CPU
		{636DE696-1CF4-4D78-9ED5-B181E642ECF3}.Debug|x86.Build.0 = Debug|Any CPU
		{636DE696-1CF4-4D78-9ED5-B181E642ECF3}.Release|Any CPU.ActiveCfg = Release|Any CPU
		{636DE696-1CF4-4D78-9ED5-B181E642ECF3}.Release|Any CPU.Build.0 = Release|Any CPU
		{636DE696-1CF4-4D78-9ED5-B181E642ECF3}.Release|x64.ActiveCfg = Release|Any CPU
		{636DE696-1CF4-4D78-9ED5-B181E642ECF3}.Release|x64.Build.0 = Release|Any CPU
		{636DE696-1CF4-4D78-9ED5-B181E642ECF3}.Release|x86.ActiveCfg = Release|Any CPU
		{636DE696-1CF4-4D78-9ED5-B181E642ECF3}.Release|x86.Build.0 = Release|Any CPU
		{0A9176A5-AB53-4F29-AA00-89CBEDA85800}.Debug|Any CPU.ActiveCfg = Debug|Any CPU
		{0A9176A5-AB53-4F29-AA00-89CBEDA85800}.Debug|Any CPU.Build.0 = Debug|Any CPU
		{0A9176A5-AB53-4F29-AA00-89CBEDA85800}.Debug|x64.ActiveCfg = Debug|Any CPU
		{0A9176A5-AB53-4F29-AA00-89CBEDA85800}.Debug|x64.Build.0 = Debug|Any CPU
		{0A9176A5-AB53-4F29-AA00-89CBEDA85800}.Debug|x86.ActiveCfg = Debug|Any CPU
		{0A9176A5-AB53-4F29-AA00-89CBEDA85800}.Debug|x86.Build.0 = Debug|Any CPU
		{0A9176A5-AB53-4F29-AA00-89CBEDA85800}.Release|Any CPU.ActiveCfg = Release|Any CPU
		{0A9176A5-AB53-4F29-AA00-89CBEDA85800}.Release|Any CPU.Build.0 = Release|Any CPU
		{0A9176A5-AB53-4F29-AA00-89CBEDA85800}.Release|x64.ActiveCfg = Release|Any CPU
		{0A9176A5-AB53-4F29-AA00-89CBEDA85800}.Release|x64.Build.0 = Release|Any CPU
		{0A9176A5-AB53-4F29-AA00-89CBEDA85800}.Release|x86.ActiveCfg = Release|Any CPU
		{0A9176A5-AB53-4F29-AA00-89CBEDA85800}.Release|x86.Build.0 = Release|Any CPU
		{E767AD4F-B996-4DAE-B6B7-145F3F6A4057}.Debug|Any CPU.ActiveCfg = Debug|Any CPU
		{E767AD4F-B996-4DAE-B6B7-145F3F6A4057}.Debug|Any CPU.Build.0 = Debug|Any CPU
		{E767AD4F-B996-4DAE-B6B7-145F3F6A4057}.Debug|x64.ActiveCfg = Debug|Any CPU
		{E767AD4F-B996-4DAE-B6B7-145F3F6A4057}.Debug|x64.Build.0 = Debug|Any CPU
		{E767AD4F-B996-4DAE-B6B7-145F3F6A4057}.Debug|x86.ActiveCfg = Debug|Any CPU
		{E767AD4F-B996-4DAE-B6B7-145F3F6A4057}.Debug|x86.Build.0 = Debug|Any CPU
		{E767AD4F-B996-4DAE-B6B7-145F3F6A4057}.Release|Any CPU.ActiveCfg = Release|Any CPU
		{E767AD4F-B996-4DAE-B6B7-145F3F6A4057}.Release|Any CPU.Build.0 = Release|Any CPU
		{E767AD4F-B996-4DAE-B6B7-145F3F6A4057}.Release|x64.ActiveCfg = Release|Any CPU
		{E767AD4F-B996-4DAE-B6B7-145F3F6A4057}.Release|x64.Build.0 = Release|Any CPU
		{E767AD4F-B996-4DAE-B6B7-145F3F6A4057}.Release|x86.ActiveCfg = Release|Any CPU
		{E767AD4F-B996-4DAE-B6B7-145F3F6A4057}.Release|x86.Build.0 = Release|Any CPU
		{82D6F4FF-30DC-4D8D-938F-56E0642E08FA}.Debug|Any CPU.ActiveCfg = Debug|Any CPU
		{82D6F4FF-30DC-4D8D-938F-56E0642E08FA}.Debug|Any CPU.Build.0 = Debug|Any CPU
		{82D6F4FF-30DC-4D8D-938F-56E0642E08FA}.Debug|x64.ActiveCfg = Debug|Any CPU
		{82D6F4FF-30DC-4D8D-938F-56E0642E08FA}.Debug|x64.Build.0 = Debug|Any CPU
		{82D6F4FF-30DC-4D8D-938F-56E0642E08FA}.Debug|x86.ActiveCfg = Debug|Any CPU
		{82D6F4FF-30DC-4D8D-938F-56E0642E08FA}.Debug|x86.Build.0 = Debug|Any CPU
		{82D6F4FF-30DC-4D8D-938F-56E0642E08FA}.Release|Any CPU.ActiveCfg = Release|Any CPU
		{82D6F4FF-30DC-4D8D-938F-56E0642E08FA}.Release|Any CPU.Build.0 = Release|Any CPU
		{82D6F4FF-30DC-4D8D-938F-56E0642E08FA}.Release|x64.ActiveCfg = Release|Any CPU
		{82D6F4FF-30DC-4D8D-938F-56E0642E08FA}.Release|x64.Build.0 = Release|Any CPU
		{82D6F4FF-30DC-4D8D-938F-56E0642E08FA}.Release|x86.ActiveCfg = Release|Any CPU
		{82D6F4FF-30DC-4D8D-938F-56E0642E08FA}.Release|x86.Build.0 = Release|Any CPU
		{6856A421-D839-40D8-A5AC-2A912B3EE9AC}.Debug|Any CPU.ActiveCfg = Debug|Any CPU
		{6856A421-D839-40D8-A5AC-2A912B3EE9AC}.Debug|Any CPU.Build.0 = Debug|Any CPU
		{6856A421-D839-40D8-A5AC-2A912B3EE9AC}.Debug|x64.ActiveCfg = Debug|Any CPU
		{6856A421-D839-40D8-A5AC-2A912B3EE9AC}.Debug|x64.Build.0 = Debug|Any CPU
		{6856A421-D839-40D8-A5AC-2A912B3EE9AC}.Debug|x86.ActiveCfg = Debug|Any CPU
		{6856A421-D839-40D8-A5AC-2A912B3EE9AC}.Debug|x86.Build.0 = Debug|Any CPU
		{6856A421-D839-40D8-A5AC-2A912B3EE9AC}.Release|Any CPU.ActiveCfg = Release|Any CPU
		{6856A421-D839-40D8-A5AC-2A912B3EE9AC}.Release|Any CPU.Build.0 = Release|Any CPU
		{6856A421-D839-40D8-A5AC-2A912B3EE9AC}.Release|x64.ActiveCfg = Release|Any CPU
		{6856A421-D839-40D8-A5AC-2A912B3EE9AC}.Release|x64.Build.0 = Release|Any CPU
		{6856A421-D839-40D8-A5AC-2A912B3EE9AC}.Release|x86.ActiveCfg = Release|Any CPU
		{6856A421-D839-40D8-A5AC-2A912B3EE9AC}.Release|x86.Build.0 = Release|Any CPU
		{23C5EFF9-4D8B-409C-A979-BE8EC40F657C}.Debug|Any CPU.ActiveCfg = Debug|Any CPU
		{23C5EFF9-4D8B-409C-A979-BE8EC40F657C}.Debug|Any CPU.Build.0 = Debug|Any CPU
		{23C5EFF9-4D8B-409C-A979-BE8EC40F657C}.Debug|x64.ActiveCfg = Debug|Any CPU
		{23C5EFF9-4D8B-409C-A979-BE8EC40F657C}.Debug|x64.Build.0 = Debug|Any CPU
		{23C5EFF9-4D8B-409C-A979-BE8EC40F657C}.Debug|x86.ActiveCfg = Debug|Any CPU
		{23C5EFF9-4D8B-409C-A979-BE8EC40F657C}.Debug|x86.Build.0 = Debug|Any CPU
		{23C5EFF9-4D8B-409C-A979-BE8EC40F657C}.Release|Any CPU.ActiveCfg = Release|Any CPU
		{23C5EFF9-4D8B-409C-A979-BE8EC40F657C}.Release|Any CPU.Build.0 = Release|Any CPU
		{23C5EFF9-4D8B-409C-A979-BE8EC40F657C}.Release|x64.ActiveCfg = Release|Any CPU
		{23C5EFF9-4D8B-409C-A979-BE8EC40F657C}.Release|x64.Build.0 = Release|Any CPU
		{23C5EFF9-4D8B-409C-A979-BE8EC40F657C}.Release|x86.ActiveCfg = Release|Any CPU
		{23C5EFF9-4D8B-409C-A979-BE8EC40F657C}.Release|x86.Build.0 = Release|Any CPU
		{16E658F4-9AAB-4D81-9A6F-922280F04210}.Debug|Any CPU.ActiveCfg = Debug|Any CPU
		{16E658F4-9AAB-4D81-9A6F-922280F04210}.Debug|Any CPU.Build.0 = Debug|Any CPU
		{16E658F4-9AAB-4D81-9A6F-922280F04210}.Debug|x64.ActiveCfg = Debug|Any CPU
		{16E658F4-9AAB-4D81-9A6F-922280F04210}.Debug|x64.Build.0 = Debug|Any CPU
		{16E658F4-9AAB-4D81-9A6F-922280F04210}.Debug|x86.ActiveCfg = Debug|Any CPU
		{16E658F4-9AAB-4D81-9A6F-922280F04210}.Debug|x86.Build.0 = Debug|Any CPU
		{16E658F4-9AAB-4D81-9A6F-922280F04210}.Release|Any CPU.ActiveCfg = Release|Any CPU
		{16E658F4-9AAB-4D81-9A6F-922280F04210}.Release|Any CPU.Build.0 = Release|Any CPU
		{16E658F4-9AAB-4D81-9A6F-922280F04210}.Release|x64.ActiveCfg = Release|Any CPU
		{16E658F4-9AAB-4D81-9A6F-922280F04210}.Release|x64.Build.0 = Release|Any CPU
		{16E658F4-9AAB-4D81-9A6F-922280F04210}.Release|x86.ActiveCfg = Release|Any CPU
		{16E658F4-9AAB-4D81-9A6F-922280F04210}.Release|x86.Build.0 = Release|Any CPU
		{8E6CF1D1-0647-4096-9BE1-F6FEE98A7A97}.Debug|Any CPU.ActiveCfg = Debug|Any CPU
		{8E6CF1D1-0647-4096-9BE1-F6FEE98A7A97}.Debug|Any CPU.Build.0 = Debug|Any CPU
		{8E6CF1D1-0647-4096-9BE1-F6FEE98A7A97}.Debug|x64.ActiveCfg = Debug|Any CPU
		{8E6CF1D1-0647-4096-9BE1-F6FEE98A7A97}.Debug|x64.Build.0 = Debug|Any CPU
		{8E6CF1D1-0647-4096-9BE1-F6FEE98A7A97}.Debug|x86.ActiveCfg = Debug|Any CPU
		{8E6CF1D1-0647-4096-9BE1-F6FEE98A7A97}.Debug|x86.Build.0 = Debug|Any CPU
		{8E6CF1D1-0647-4096-9BE1-F6FEE98A7A97}.Release|Any CPU.ActiveCfg = Release|Any CPU
		{8E6CF1D1-0647-4096-9BE1-F6FEE98A7A97}.Release|Any CPU.Build.0 = Release|Any CPU
		{8E6CF1D1-0647-4096-9BE1-F6FEE98A7A97}.Release|x64.ActiveCfg = Release|Any CPU
		{8E6CF1D1-0647-4096-9BE1-F6FEE98A7A97}.Release|x64.Build.0 = Release|Any CPU
		{8E6CF1D1-0647-4096-9BE1-F6FEE98A7A97}.Release|x86.ActiveCfg = Release|Any CPU
		{8E6CF1D1-0647-4096-9BE1-F6FEE98A7A97}.Release|x86.Build.0 = Release|Any CPU
	EndGlobalSection
	GlobalSection(SolutionProperties) = preSolution
		HideSolutionNode = FALSE
	EndGlobalSection
	GlobalSection(NestedProjects) = preSolution
		{E9E71812-C75C-492E-859E-4E0E111451AF} = {53A23712-763D-456E-8A57-B7A581F384D4}
		{2C1D9736-AADD-4BE8-9C69-EA3D9DE3CFF6} = {53A23712-763D-456E-8A57-B7A581F384D4}
		{5E3D4188-FCE1-4105-852D-214CB0F5FC3B} = {53A23712-763D-456E-8A57-B7A581F384D4}
		{8EC7FB03-C495-46F1-ABC3-5F583F8A8798} = {53A23712-763D-456E-8A57-B7A581F384D4}
		{0B910E5B-9701-4D85-8EBA-799F2A2FD00E} = {C2856316-1252-4C90-A5E8-2D79A817ED75}
		{637EE457-655B-B0DA-7023-9810E42F0A19} = {A651B1F3-5A38-4D03-A86F-31D8024426F5}
		{76EF42EC-983E-0A0F-C38D-C6ABA22595B8} = {A651B1F3-5A38-4D03-A86F-31D8024426F5}
		{9FBEE798-C99F-44A6-8E92-5D976252DF65} = {53A23712-763D-456E-8A57-B7A581F384D4}
		{4B44ABF6-6BD0-44AB-814E-253DDD955165} = {A651B1F3-5A38-4D03-A86F-31D8024426F5}
		{4F3525AD-4B57-40E4-81CB-2B583794C1C4} = {BF4408C8-5818-4D22-8F16-2E8127781EC4}
		{C88DF7ED-0FE3-49C4-B283-41D56B1923DE} = {BF4408C8-5818-4D22-8F16-2E8127781EC4}
		{21B674E4-974D-4A95-AC17-98FD54FC6472} = {BF4408C8-5818-4D22-8F16-2E8127781EC4}
		{28B1F3E0-8432-103A-2621-62D70ED96AFF} = {BF4408C8-5818-4D22-8F16-2E8127781EC4}
		{736BD4E0-E592-4E24-8923-C1DA1D12CC31} = {A651B1F3-5A38-4D03-A86F-31D8024426F5}
		{D3E1C099-E0C1-49B3-9EE1-DC98785E31EC} = {BF4408C8-5818-4D22-8F16-2E8127781EC4}
		{56CC7A08-FEDC-48A6-8777-E9129E202D1D} = {EFE1247A-2AD4-46FA-9AC1-3E5C1BB6E48E}
		{D3A76344-4211-4DA2-80EA-2D625C8BD3AB} = {EFE1247A-2AD4-46FA-9AC1-3E5C1BB6E48E}
		{E6749B40-8034-4442-AB6B-691C6AD49565} = {EFE1247A-2AD4-46FA-9AC1-3E5C1BB6E48E}
		{408A62BB-A146-4D05-BBA9-243C499E39AD} = {EFE1247A-2AD4-46FA-9AC1-3E5C1BB6E48E}
		{46813950-3F54-489D-AAEC-6F2E22F1486C} = {EFE1247A-2AD4-46FA-9AC1-3E5C1BB6E48E}
		{C8E42992-5E42-0C2B-DBFE-AA848D06431C} = {827E0CD3-B72D-47B6-A68D-7590B98EB39B}
		{A651B1F3-5A38-4D03-A86F-31D8024426F5} = {827E0CD3-B72D-47B6-A68D-7590B98EB39B}
		{C2856316-1252-4C90-A5E8-2D79A817ED75} = {827E0CD3-B72D-47B6-A68D-7590B98EB39B}
		{A8EB7819-5E93-45CC-8843-9AADD6E0B8E0} = {C8E42992-5E42-0C2B-DBFE-AA848D06431C}
		{24B60CF1-FFDC-49FB-BBC9-E4E868B476B4} = {C8E42992-5E42-0C2B-DBFE-AA848D06431C}
		{984BB9B3-3FA3-BE33-9484-CAC21695A33C} = {827E0CD3-B72D-47B6-A68D-7590B98EB39B}
		{53A23712-763D-456E-8A57-B7A581F384D4} = {984BB9B3-3FA3-BE33-9484-CAC21695A33C}
		{BF4408C8-5818-4D22-8F16-2E8127781EC4} = {984BB9B3-3FA3-BE33-9484-CAC21695A33C}
		{EFE1247A-2AD4-46FA-9AC1-3E5C1BB6E48E} = {984BB9B3-3FA3-BE33-9484-CAC21695A33C}
		{DE27F68F-687C-09FC-33FB-C9BFB7283621} = {984BB9B3-3FA3-BE33-9484-CAC21695A33C}
		{FE7305C8-F183-FF1D-8380-38F3341A3BD9} = {984BB9B3-3FA3-BE33-9484-CAC21695A33C}
		{CF85C588-836C-4794-94F4-78B0D294C8AE} = {DE27F68F-687C-09FC-33FB-C9BFB7283621}
		{2073EEC6-1CC2-4515-B1A7-33FD4C754549} = {FE7305C8-F183-FF1D-8380-38F3341A3BD9}
		{E963160C-2344-4F76-B982-4167E1354D68} = {FE7305C8-F183-FF1D-8380-38F3341A3BD9}
		{15EED2D7-E56F-47F0-8193-57D2F9AF152B} = {FE7305C8-F183-FF1D-8380-38F3341A3BD9}
		{5A118C89-ADE6-464E-91EA-86B9F1D8E9D8} = {FE7305C8-F183-FF1D-8380-38F3341A3BD9}
		{AF41CFFC-37CD-4195-9F91-9435528BD816} = {FE7305C8-F183-FF1D-8380-38F3341A3BD9}
		{AA1F8E92-F950-4FA4-9A1F-A90F8ACA9964} = {DE27F68F-687C-09FC-33FB-C9BFB7283621}
		{DB33433B-E34E-48FB-ACA9-BD84441DE2F5} = {DE27F68F-687C-09FC-33FB-C9BFB7283621}
		{636DE696-1CF4-4D78-9ED5-B181E642ECF3} = {DE27F68F-687C-09FC-33FB-C9BFB7283621}
		{0A9176A5-AB53-4F29-AA00-89CBEDA85800} = {DE27F68F-687C-09FC-33FB-C9BFB7283621}
		{E0A78DEB-2D3E-993E-D3E3-9145B5435C24} = {984BB9B3-3FA3-BE33-9484-CAC21695A33C}
		{E767AD4F-B996-4DAE-B6B7-145F3F6A4057} = {E0A78DEB-2D3E-993E-D3E3-9145B5435C24}
		{82D6F4FF-30DC-4D8D-938F-56E0642E08FA} = {E0A78DEB-2D3E-993E-D3E3-9145B5435C24}
		{6856A421-D839-40D8-A5AC-2A912B3EE9AC} = {E0A78DEB-2D3E-993E-D3E3-9145B5435C24}
		{23C5EFF9-4D8B-409C-A979-BE8EC40F657C} = {E0A78DEB-2D3E-993E-D3E3-9145B5435C24}
		{16E658F4-9AAB-4D81-9A6F-922280F04210} = {E0A78DEB-2D3E-993E-D3E3-9145B5435C24}
		{DCB6FCB8-FF92-AC57-0842-1F72A354D6B1} = {827E0CD3-B72D-47B6-A68D-7590B98EB39B}
		{8E6CF1D1-0647-4096-9BE1-F6FEE98A7A97} = {DCB6FCB8-FF92-AC57-0842-1F72A354D6B1}
	EndGlobalSection
	GlobalSection(ExtensibilityGlobals) = postSolution
		SolutionGuid = {ADBA93C1-0295-4781-B60C-C1A0FBC03209}
	EndGlobalSection
EndGlobal
